<?xml version="1.0" encoding="UTF-8"?>
<!DOCTYPE plist PUBLIC "-//Apple//DTD PLIST 1.0//EN" "http://www.apple.com/DTDs/PropertyList-1.0.dtd">
<plist version="1.0">
<dict>
	<key>archiveVersion</key>
	<string>1</string>
	<key>classes</key>
	<dict/>
	<key>objectVersion</key>
	<string>46</string>
	<key>objects</key>
	<dict>
		<key>13F1742E09D146FD830BAED4</key>
		<dict>
			<key>includeInIndex</key>
			<string>1</string>
			<key>isa</key>
			<string>PBXFileReference</string>
			<key>lastKnownFileType</key>
			<string>text.xcconfig</string>
			<key>name</key>
			<string>Pods.xcconfig</string>
			<key>path</key>
			<string>Pods/Pods.xcconfig</string>
			<key>sourceTree</key>
			<string>&lt;group&gt;</string>
		</dict>
		<key>4FB5CE7619421BB70051C6BD</key>
		<dict>
			<key>children</key>
			<array>
				<string>4FB5CE8819421BB70051C6BD</string>
				<string>4FB5CE8119421BB70051C6BD</string>
				<string>4FB5CE8019421BB70051C6BD</string>
				<string>13F1742E09D146FD830BAED4</string>
			</array>
			<key>isa</key>
			<string>PBXGroup</string>
			<key>sourceTree</key>
			<string>&lt;group&gt;</string>
		</dict>
		<key>4FB5CE7719421BB70051C6BD</key>
		<dict>
			<key>attributes</key>
			<dict>
				<key>LastUpgradeCheck</key>
				<string>0510</string>
				<key>ORGANIZATIONNAME</key>
				<string>DZN Labs</string>
			</dict>
			<key>buildConfigurationList</key>
			<string>4FB5CE7A19421BB70051C6BD</string>
			<key>compatibilityVersion</key>
			<string>Xcode 3.2</string>
			<key>developmentRegion</key>
			<string>English</string>
			<key>hasScannedForEncodings</key>
			<string>0</string>
			<key>isa</key>
			<string>PBXProject</string>
			<key>knownRegions</key>
			<array>
				<string>en</string>
				<string>Base</string>
			</array>
			<key>mainGroup</key>
			<string>4FB5CE7619421BB70051C6BD</string>
			<key>productRefGroup</key>
			<string>4FB5CE8019421BB70051C6BD</string>
			<key>projectDirPath</key>
			<string></string>
			<key>projectReferences</key>
			<array/>
			<key>projectRoot</key>
			<string></string>
			<key>targets</key>
			<array>
				<string>4FB5CE7E19421BB70051C6BD</string>
			</array>
		</dict>
		<key>4FB5CE7A19421BB70051C6BD</key>
		<dict>
			<key>buildConfigurations</key>
			<array>
				<string>4FB5CEAF19421BB70051C6BD</string>
				<string>4FB5CEB019421BB70051C6BD</string>
			</array>
			<key>defaultConfigurationIsVisible</key>
			<string>0</string>
			<key>defaultConfigurationName</key>
			<string>Release</string>
			<key>isa</key>
			<string>XCConfigurationList</string>
		</dict>
		<key>4FB5CE7B19421BB70051C6BD</key>
		<dict>
			<key>buildActionMask</key>
			<string>2147483647</string>
			<key>files</key>
			<array>
				<string>4FB5CEB919421CA40051C6BD</string>
				<string>4FB5CEF2194383F90051C6BD</string>
				<string>4FB5CE9319421BB70051C6BD</string>
				<string>4FB5CE8F19421BB70051C6BD</string>
				<string>4FB5CEC2194220F50051C6BD</string>
				<string>4FB5CEBC19421D0F0051C6BD</string>
			</array>
			<key>isa</key>
			<string>PBXSourcesBuildPhase</string>
			<key>runOnlyForDeploymentPostprocessing</key>
			<string>0</string>
		</dict>
		<key>4FB5CE7C19421BB70051C6BD</key>
		<dict>
			<key>buildActionMask</key>
			<string>2147483647</string>
			<key>files</key>
			<array>
				<string>4FB5CE8519421BB70051C6BD</string>
				<string>4FB5CE8719421BB70051C6BD</string>
				<string>4FB5CE8319421BB70051C6BD</string>
				<string>DC3D8C2CF037427184D94841</string>
			</array>
			<key>isa</key>
			<string>PBXFrameworksBuildPhase</string>
			<key>runOnlyForDeploymentPostprocessing</key>
			<string>0</string>
		</dict>
		<key>4FB5CE7D19421BB70051C6BD</key>
		<dict>
			<key>buildActionMask</key>
			<string>2147483647</string>
			<key>files</key>
			<array>
				<string>4FB5CEE11942944A0051C6BD</string>
				<string>4FB5CF181943BA140051C6BD</string>
				<string>4FB5CF121943BA140051C6BD</string>
				<string>4FB5CEE71942944A0051C6BD</string>
				<string>4FB5CF0D1943BA140051C6BD</string>
				<string>4FB5CF091943BA140051C6BD</string>
				<string>4FB5CF141943BA140051C6BD</string>
				<string>4FB5CF131943BA140051C6BD</string>
				<string>4FB5CEE61942944A0051C6BD</string>
				<string>4FB5CEE81942944A0051C6BD</string>
				<string>4FB5CF111943BA140051C6BD</string>
				<string>4FB5CF151943BA140051C6BD</string>
				<string>4FB5CF161943BA140051C6BD</string>
				<string>4FB5CEC41942210E0051C6BD</string>
				<string>4FB5CEEA1942944A0051C6BD</string>
				<string>4FB5CE9B19421BB70051C6BD</string>
				<string>4FB5CEED1942944A0051C6BD</string>
				<string>4FB5CF0E1943BA140051C6BD</string>
				<string>4FB5CF081943BA140051C6BD</string>
				<string>4FB5CEE51942944A0051C6BD</string>
				<string>4FB5CF0A1943BA140051C6BD</string>
				<string>4FB5CF171943BA140051C6BD</string>
				<string>4FB5CEEB1942944A0051C6BD</string>
				<string>4FB5CF191943BA140051C6BD</string>
				<string>4FB5CEE31942944A0051C6BD</string>
				<string>4FB5CF0C1943BA140051C6BD</string>
				<string>4FB5CEE91942944A0051C6BD</string>
				<string>4FB5CEE21942944A0051C6BD</string>
				<string>4FB5CF1A1943BA140051C6BD</string>
				<string>4FB5CF0F1943BA140051C6BD</string>
				<string>4FB5CEE01942944A0051C6BD</string>
				<string>4FB5CF0B1943BA140051C6BD</string>
				<string>4FB5CF101943BA140051C6BD</string>
				<string>4FB5CEEF1942944A0051C6BD</string>
				<string>4FB5CE8D19421BB70051C6BD</string>
				<string>4FB5CEE41942944A0051C6BD</string>
				<string>4FB5CEEE1942944A0051C6BD</string>
				<string>4FB5CEEC1942944A0051C6BD</string>
			</array>
			<key>isa</key>
			<string>PBXResourcesBuildPhase</string>
			<key>runOnlyForDeploymentPostprocessing</key>
			<string>0</string>
		</dict>
		<key>4FB5CE7E19421BB70051C6BD</key>
		<dict>
			<key>buildConfigurationList</key>
			<string>4FB5CEB119421BB70051C6BD</string>
			<key>buildPhases</key>
			<array>
				<string>82691CA88C254035AC3A9848</string>
				<string>4FB5CE7B19421BB70051C6BD</string>
				<string>4FB5CE7C19421BB70051C6BD</string>
				<string>4FB5CE7D19421BB70051C6BD</string>
				<string>80DE751658C84F6E894FCE7A</string>
			</array>
			<key>buildRules</key>
			<array/>
			<key>dependencies</key>
			<array/>
			<key>isa</key>
			<string>PBXNativeTarget</string>
			<key>name</key>
			<string>Applications</string>
			<key>productName</key>
			<string>Applications</string>
			<key>productReference</key>
			<string>4FB5CE7F19421BB70051C6BD</string>
			<key>productType</key>
			<string>com.apple.product-type.application</string>
		</dict>
		<key>4FB5CE7F19421BB70051C6BD</key>
		<dict>
			<key>explicitFileType</key>
			<string>wrapper.application</string>
			<key>includeInIndex</key>
			<string>0</string>
			<key>isa</key>
			<string>PBXFileReference</string>
			<key>path</key>
			<string>Applications.app</string>
			<key>sourceTree</key>
			<string>BUILT_PRODUCTS_DIR</string>
		</dict>
		<key>4FB5CE8019421BB70051C6BD</key>
		<dict>
			<key>children</key>
			<array>
				<string>4FB5CE7F19421BB70051C6BD</string>
			</array>
			<key>isa</key>
			<string>PBXGroup</string>
			<key>name</key>
			<string>Products</string>
			<key>sourceTree</key>
			<string>&lt;group&gt;</string>
		</dict>
		<key>4FB5CE8119421BB70051C6BD</key>
		<dict>
			<key>children</key>
			<array>
				<string>4FB5CE8219421BB70051C6BD</string>
				<string>4FB5CE8419421BB70051C6BD</string>
				<string>4FB5CE8619421BB70051C6BD</string>
				<string>7C28AF233A3440BF861BEB87</string>
			</array>
			<key>isa</key>
			<string>PBXGroup</string>
			<key>name</key>
			<string>Frameworks</string>
			<key>sourceTree</key>
			<string>&lt;group&gt;</string>
		</dict>
		<key>4FB5CE8219421BB70051C6BD</key>
		<dict>
			<key>isa</key>
			<string>PBXFileReference</string>
			<key>lastKnownFileType</key>
			<string>wrapper.framework</string>
			<key>name</key>
			<string>Foundation.framework</string>
			<key>path</key>
			<string>System/Library/Frameworks/Foundation.framework</string>
			<key>sourceTree</key>
			<string>SDKROOT</string>
		</dict>
		<key>4FB5CE8319421BB70051C6BD</key>
		<dict>
			<key>fileRef</key>
			<string>4FB5CE8219421BB70051C6BD</string>
			<key>isa</key>
			<string>PBXBuildFile</string>
		</dict>
		<key>4FB5CE8419421BB70051C6BD</key>
		<dict>
			<key>isa</key>
			<string>PBXFileReference</string>
			<key>lastKnownFileType</key>
			<string>wrapper.framework</string>
			<key>name</key>
			<string>CoreGraphics.framework</string>
			<key>path</key>
			<string>System/Library/Frameworks/CoreGraphics.framework</string>
			<key>sourceTree</key>
			<string>SDKROOT</string>
		</dict>
		<key>4FB5CE8519421BB70051C6BD</key>
		<dict>
			<key>fileRef</key>
			<string>4FB5CE8419421BB70051C6BD</string>
			<key>isa</key>
			<string>PBXBuildFile</string>
		</dict>
		<key>4FB5CE8619421BB70051C6BD</key>
		<dict>
			<key>isa</key>
			<string>PBXFileReference</string>
			<key>lastKnownFileType</key>
			<string>wrapper.framework</string>
			<key>name</key>
			<string>UIKit.framework</string>
			<key>path</key>
			<string>System/Library/Frameworks/UIKit.framework</string>
			<key>sourceTree</key>
			<string>SDKROOT</string>
		</dict>
		<key>4FB5CE8719421BB70051C6BD</key>
		<dict>
			<key>fileRef</key>
			<string>4FB5CE8619421BB70051C6BD</string>
			<key>isa</key>
			<string>PBXBuildFile</string>
		</dict>
		<key>4FB5CE8819421BB70051C6BD</key>
		<dict>
			<key>children</key>
			<array>
				<string>4FB5CE9119421BB70051C6BD</string>
				<string>4FB5CE9219421BB70051C6BD</string>
				<string>4FB5CEB719421CA40051C6BD</string>
				<string>4FB5CEB819421CA40051C6BD</string>
				<string>4FB5CEBA19421D0F0051C6BD</string>
				<string>4FB5CEBB19421D0F0051C6BD</string>
				<string>4FB5CEC0194220F50051C6BD</string>
				<string>4FB5CEC1194220F50051C6BD</string>
				<string>4FB5CEF0194383F90051C6BD</string>
				<string>4FB5CEF1194383F90051C6BD</string>
				<string>4FB5CEC31942210E0051C6BD</string>
				<string>4FB5CECE1942944A0051C6BD</string>
				<string>4FB5CE9A19421BB70051C6BD</string>
				<string>4FB5CE8919421BB70051C6BD</string>
			</array>
			<key>isa</key>
			<string>PBXGroup</string>
			<key>path</key>
			<string>Applications</string>
			<key>sourceTree</key>
			<string>&lt;group&gt;</string>
		</dict>
		<key>4FB5CE8919421BB70051C6BD</key>
		<dict>
			<key>children</key>
			<array>
				<string>4FB5CE8A19421BB70051C6BD</string>
				<string>4FB5CE8B19421BB70051C6BD</string>
				<string>4FB5CE8E19421BB70051C6BD</string>
				<string>4FB5CE9019421BB70051C6BD</string>
			</array>
			<key>isa</key>
			<string>PBXGroup</string>
			<key>name</key>
			<string>Supporting Files</string>
			<key>sourceTree</key>
			<string>&lt;group&gt;</string>
		</dict>
		<key>4FB5CE8A19421BB70051C6BD</key>
		<dict>
			<key>isa</key>
			<string>PBXFileReference</string>
			<key>lastKnownFileType</key>
			<string>text.plist.xml</string>
			<key>path</key>
			<string>Applications-Info.plist</string>
			<key>sourceTree</key>
			<string>&lt;group&gt;</string>
		</dict>
		<key>4FB5CE8B19421BB70051C6BD</key>
		<dict>
			<key>children</key>
			<array>
				<string>4FB5CE8C19421BB70051C6BD</string>
			</array>
			<key>isa</key>
			<string>PBXVariantGroup</string>
			<key>name</key>
			<string>InfoPlist.strings</string>
			<key>sourceTree</key>
			<string>&lt;group&gt;</string>
		</dict>
		<key>4FB5CE8C19421BB70051C6BD</key>
		<dict>
			<key>isa</key>
			<string>PBXFileReference</string>
			<key>lastKnownFileType</key>
			<string>text.plist.strings</string>
			<key>name</key>
			<string>en</string>
			<key>path</key>
			<string>en.lproj/InfoPlist.strings</string>
			<key>sourceTree</key>
			<string>&lt;group&gt;</string>
		</dict>
		<key>4FB5CE8D19421BB70051C6BD</key>
		<dict>
			<key>fileRef</key>
			<string>4FB5CE8B19421BB70051C6BD</string>
			<key>isa</key>
			<string>PBXBuildFile</string>
		</dict>
		<key>4FB5CE8E19421BB70051C6BD</key>
		<dict>
			<key>isa</key>
			<string>PBXFileReference</string>
			<key>lastKnownFileType</key>
			<string>sourcecode.c.objc</string>
			<key>path</key>
			<string>main.m</string>
			<key>sourceTree</key>
			<string>&lt;group&gt;</string>
		</dict>
		<key>4FB5CE8F19421BB70051C6BD</key>
		<dict>
			<key>fileRef</key>
			<string>4FB5CE8E19421BB70051C6BD</string>
			<key>isa</key>
			<string>PBXBuildFile</string>
		</dict>
		<key>4FB5CE9019421BB70051C6BD</key>
		<dict>
			<key>isa</key>
			<string>PBXFileReference</string>
			<key>lastKnownFileType</key>
			<string>sourcecode.c.h</string>
			<key>path</key>
			<string>Applications-Prefix.pch</string>
			<key>sourceTree</key>
			<string>&lt;group&gt;</string>
		</dict>
		<key>4FB5CE9119421BB70051C6BD</key>
		<dict>
			<key>isa</key>
			<string>PBXFileReference</string>
			<key>lastKnownFileType</key>
			<string>sourcecode.c.h</string>
			<key>path</key>
			<string>AppDelegate.h</string>
			<key>sourceTree</key>
			<string>&lt;group&gt;</string>
		</dict>
		<key>4FB5CE9219421BB70051C6BD</key>
		<dict>
			<key>isa</key>
			<string>PBXFileReference</string>
			<key>lastKnownFileType</key>
			<string>sourcecode.c.objc</string>
			<key>path</key>
			<string>AppDelegate.m</string>
			<key>sourceTree</key>
			<string>&lt;group&gt;</string>
		</dict>
		<key>4FB5CE9319421BB70051C6BD</key>
		<dict>
			<key>fileRef</key>
			<string>4FB5CE9219421BB70051C6BD</string>
			<key>isa</key>
			<string>PBXBuildFile</string>
		</dict>
		<key>4FB5CE9A19421BB70051C6BD</key>
		<dict>
			<key>isa</key>
			<string>PBXFileReference</string>
			<key>lastKnownFileType</key>
			<string>folder.assetcatalog</string>
			<key>path</key>
			<string>Images.xcassets</string>
			<key>sourceTree</key>
			<string>&lt;group&gt;</string>
		</dict>
		<key>4FB5CE9B19421BB70051C6BD</key>
		<dict>
			<key>fileRef</key>
			<string>4FB5CE9A19421BB70051C6BD</string>
			<key>isa</key>
			<string>PBXBuildFile</string>
		</dict>
		<key>4FB5CEAF19421BB70051C6BD</key>
		<dict>
			<key>buildSettings</key>
			<dict>
				<key>ALWAYS_SEARCH_USER_PATHS</key>
				<string>NO</string>
				<key>CLANG_CXX_LANGUAGE_STANDARD</key>
				<string>gnu++0x</string>
				<key>CLANG_CXX_LIBRARY</key>
				<string>libc++</string>
				<key>CLANG_ENABLE_MODULES</key>
				<string>YES</string>
				<key>CLANG_ENABLE_OBJC_ARC</key>
				<string>YES</string>
				<key>CLANG_WARN_BOOL_CONVERSION</key>
				<string>YES</string>
				<key>CLANG_WARN_CONSTANT_CONVERSION</key>
				<string>YES</string>
				<key>CLANG_WARN_DIRECT_OBJC_ISA_USAGE</key>
				<string>YES_ERROR</string>
				<key>CLANG_WARN_EMPTY_BODY</key>
				<string>YES</string>
				<key>CLANG_WARN_ENUM_CONVERSION</key>
				<string>YES</string>
				<key>CLANG_WARN_INT_CONVERSION</key>
				<string>YES</string>
				<key>CLANG_WARN_OBJC_ROOT_CLASS</key>
				<string>YES_ERROR</string>
				<key>CLANG_WARN__DUPLICATE_METHOD_MATCH</key>
				<string>YES</string>
				<key>CODE_SIGN_IDENTITY[sdk=iphoneos*]</key>
				<string>iPhone Developer</string>
				<key>COPY_PHASE_STRIP</key>
				<string>NO</string>
				<key>GCC_C_LANGUAGE_STANDARD</key>
				<string>gnu99</string>
				<key>GCC_DYNAMIC_NO_PIC</key>
				<string>NO</string>
				<key>GCC_OPTIMIZATION_LEVEL</key>
				<string>0</string>
				<key>GCC_PREPROCESSOR_DEFINITIONS</key>
				<array>
					<string>DEBUG=1</string>
					<string>$(inherited)</string>
				</array>
				<key>GCC_SYMBOLS_PRIVATE_EXTERN</key>
				<string>NO</string>
				<key>GCC_WARN_64_TO_32_BIT_CONVERSION</key>
				<string>YES</string>
				<key>GCC_WARN_ABOUT_RETURN_TYPE</key>
				<string>YES_ERROR</string>
				<key>GCC_WARN_UNDECLARED_SELECTOR</key>
				<string>YES</string>
				<key>GCC_WARN_UNINITIALIZED_AUTOS</key>
				<string>YES_AGGRESSIVE</string>
				<key>GCC_WARN_UNUSED_FUNCTION</key>
				<string>YES</string>
				<key>GCC_WARN_UNUSED_VARIABLE</key>
				<string>YES</string>
				<key>IPHONEOS_DEPLOYMENT_TARGET</key>
				<string>7.1</string>
				<key>ONLY_ACTIVE_ARCH</key>
				<string>YES</string>
				<key>SDKROOT</key>
				<string>iphoneos</string>
			</dict>
			<key>isa</key>
			<string>XCBuildConfiguration</string>
			<key>name</key>
			<string>Debug</string>
		</dict>
		<key>4FB5CEB019421BB70051C6BD</key>
		<dict>
			<key>buildSettings</key>
			<dict>
				<key>ALWAYS_SEARCH_USER_PATHS</key>
				<string>NO</string>
				<key>CLANG_CXX_LANGUAGE_STANDARD</key>
				<string>gnu++0x</string>
				<key>CLANG_CXX_LIBRARY</key>
				<string>libc++</string>
				<key>CLANG_ENABLE_MODULES</key>
				<string>YES</string>
				<key>CLANG_ENABLE_OBJC_ARC</key>
				<string>YES</string>
				<key>CLANG_WARN_BOOL_CONVERSION</key>
				<string>YES</string>
				<key>CLANG_WARN_CONSTANT_CONVERSION</key>
				<string>YES</string>
				<key>CLANG_WARN_DIRECT_OBJC_ISA_USAGE</key>
				<string>YES_ERROR</string>
				<key>CLANG_WARN_EMPTY_BODY</key>
				<string>YES</string>
				<key>CLANG_WARN_ENUM_CONVERSION</key>
				<string>YES</string>
				<key>CLANG_WARN_INT_CONVERSION</key>
				<string>YES</string>
				<key>CLANG_WARN_OBJC_ROOT_CLASS</key>
				<string>YES_ERROR</string>
				<key>CLANG_WARN__DUPLICATE_METHOD_MATCH</key>
				<string>YES</string>
				<key>CODE_SIGN_IDENTITY[sdk=iphoneos*]</key>
				<string>iPhone Developer</string>
				<key>COPY_PHASE_STRIP</key>
				<string>YES</string>
				<key>ENABLE_NS_ASSERTIONS</key>
				<string>NO</string>
				<key>GCC_C_LANGUAGE_STANDARD</key>
				<string>gnu99</string>
				<key>GCC_WARN_64_TO_32_BIT_CONVERSION</key>
				<string>YES</string>
				<key>GCC_WARN_ABOUT_RETURN_TYPE</key>
				<string>YES_ERROR</string>
				<key>GCC_WARN_UNDECLARED_SELECTOR</key>
				<string>YES</string>
				<key>GCC_WARN_UNINITIALIZED_AUTOS</key>
				<string>YES_AGGRESSIVE</string>
				<key>GCC_WARN_UNUSED_FUNCTION</key>
				<string>YES</string>
				<key>GCC_WARN_UNUSED_VARIABLE</key>
				<string>YES</string>
				<key>IPHONEOS_DEPLOYMENT_TARGET</key>
				<string>7.1</string>
				<key>SDKROOT</key>
				<string>iphoneos</string>
				<key>VALIDATE_PRODUCT</key>
				<string>YES</string>
			</dict>
			<key>isa</key>
			<string>XCBuildConfiguration</string>
			<key>name</key>
			<string>Release</string>
		</dict>
		<key>4FB5CEB119421BB70051C6BD</key>
		<dict>
			<key>buildConfigurations</key>
			<array>
				<string>4FB5CEB219421BB70051C6BD</string>
				<string>4FB5CEB319421BB70051C6BD</string>
			</array>
			<key>defaultConfigurationIsVisible</key>
			<string>0</string>
			<key>defaultConfigurationName</key>
			<string>Release</string>
			<key>isa</key>
			<string>XCConfigurationList</string>
		</dict>
		<key>4FB5CEB219421BB70051C6BD</key>
		<dict>
			<key>baseConfigurationReference</key>
			<string>13F1742E09D146FD830BAED4</string>
			<key>buildSettings</key>
			<dict>
				<key>ASSETCATALOG_COMPILER_APPICON_NAME</key>
				<string>AppIcon</string>
				<key>ASSETCATALOG_COMPILER_LAUNCHIMAGE_NAME</key>
				<string>LaunchImage</string>
				<key>GCC_PRECOMPILE_PREFIX_HEADER</key>
				<string>YES</string>
				<key>GCC_PREFIX_HEADER</key>
				<string>Applications/Applications-Prefix.pch</string>
				<key>INFOPLIST_FILE</key>
				<string>Applications/Applications-Info.plist</string>
				<key>PRODUCT_NAME</key>
				<string>$(TARGET_NAME)</string>
				<key>WRAPPER_EXTENSION</key>
				<string>app</string>
			</dict>
			<key>isa</key>
			<string>XCBuildConfiguration</string>
			<key>name</key>
			<string>Debug</string>
		</dict>
		<key>4FB5CEB319421BB70051C6BD</key>
		<dict>
			<key>baseConfigurationReference</key>
			<string>13F1742E09D146FD830BAED4</string>
			<key>buildSettings</key>
			<dict>
				<key>ASSETCATALOG_COMPILER_APPICON_NAME</key>
				<string>AppIcon</string>
				<key>ASSETCATALOG_COMPILER_LAUNCHIMAGE_NAME</key>
				<string>LaunchImage</string>
				<key>GCC_PRECOMPILE_PREFIX_HEADER</key>
				<string>YES</string>
				<key>GCC_PREFIX_HEADER</key>
				<string>Applications/Applications-Prefix.pch</string>
				<key>INFOPLIST_FILE</key>
				<string>Applications/Applications-Info.plist</string>
				<key>PRODUCT_NAME</key>
				<string>$(TARGET_NAME)</string>
				<key>WRAPPER_EXTENSION</key>
				<string>app</string>
			</dict>
			<key>isa</key>
			<string>XCBuildConfiguration</string>
			<key>name</key>
			<string>Release</string>
		</dict>
		<key>4FB5CEB719421CA40051C6BD</key>
		<dict>
			<key>fileEncoding</key>
			<string>4</string>
			<key>isa</key>
			<string>PBXFileReference</string>
			<key>lastKnownFileType</key>
			<string>sourcecode.c.h</string>
			<key>path</key>
			<string>MainViewController.h</string>
			<key>sourceTree</key>
			<string>&lt;group&gt;</string>
		</dict>
		<key>4FB5CEB819421CA40051C6BD</key>
		<dict>
			<key>fileEncoding</key>
			<string>4</string>
			<key>isa</key>
			<string>PBXFileReference</string>
			<key>lastKnownFileType</key>
			<string>sourcecode.c.objc</string>
			<key>path</key>
			<string>MainViewController.m</string>
			<key>sourceTree</key>
			<string>&lt;group&gt;</string>
		</dict>
		<key>4FB5CEB919421CA40051C6BD</key>
		<dict>
			<key>fileRef</key>
			<string>4FB5CEB819421CA40051C6BD</string>
			<key>isa</key>
			<string>PBXBuildFile</string>
		</dict>
		<key>4FB5CEBA19421D0F0051C6BD</key>
		<dict>
			<key>fileEncoding</key>
			<string>4</string>
			<key>isa</key>
			<string>PBXFileReference</string>
			<key>lastKnownFileType</key>
			<string>sourcecode.c.h</string>
			<key>path</key>
			<string>DetailViewController.h</string>
			<key>sourceTree</key>
			<string>&lt;group&gt;</string>
		</dict>
		<key>4FB5CEBB19421D0F0051C6BD</key>
		<dict>
			<key>fileEncoding</key>
			<string>4</string>
			<key>isa</key>
			<string>PBXFileReference</string>
			<key>lastKnownFileType</key>
			<string>sourcecode.c.objc</string>
			<key>path</key>
			<string>DetailViewController.m</string>
			<key>sourceTree</key>
			<string>&lt;group&gt;</string>
		</dict>
		<key>4FB5CEBC19421D0F0051C6BD</key>
		<dict>
			<key>fileRef</key>
			<string>4FB5CEBB19421D0F0051C6BD</string>
			<key>isa</key>
			<string>PBXBuildFile</string>
		</dict>
		<key>4FB5CEC0194220F50051C6BD</key>
		<dict>
			<key>fileEncoding</key>
			<string>4</string>
			<key>isa</key>
			<string>PBXFileReference</string>
			<key>lastKnownFileType</key>
			<string>sourcecode.c.h</string>
			<key>path</key>
			<string>Application.h</string>
			<key>sourceTree</key>
			<string>&lt;group&gt;</string>
		</dict>
		<key>4FB5CEC1194220F50051C6BD</key>
		<dict>
			<key>fileEncoding</key>
			<string>4</string>
			<key>isa</key>
			<string>PBXFileReference</string>
			<key>lastKnownFileType</key>
			<string>sourcecode.c.objc</string>
			<key>path</key>
			<string>Application.m</string>
			<key>sourceTree</key>
			<string>&lt;group&gt;</string>
		</dict>
		<key>4FB5CEC2194220F50051C6BD</key>
		<dict>
			<key>fileRef</key>
			<string>4FB5CEC1194220F50051C6BD</string>
			<key>isa</key>
			<string>PBXBuildFile</string>
		</dict>
		<key>4FB5CEC31942210E0051C6BD</key>
		<dict>
			<key>fileEncoding</key>
			<string>4</string>
			<key>isa</key>
			<string>PBXFileReference</string>
			<key>lastKnownFileType</key>
			<string>text.json</string>
			<key>path</key>
			<string>applications.json</string>
			<key>sourceTree</key>
			<string>&lt;group&gt;</string>
		</dict>
		<key>4FB5CEC41942210E0051C6BD</key>
		<dict>
			<key>fileRef</key>
			<string>4FB5CEC31942210E0051C6BD</string>
			<key>isa</key>
			<string>PBXBuildFile</string>
		</dict>
		<key>4FB5CECE1942944A0051C6BD</key>
		<dict>
			<key>children</key>
			<array>
				<string>4FB5CECF1942944A0051C6BD</string>
				<string>4FB5CEF41943BA140051C6BD</string>
			</array>
			<key>isa</key>
			<string>PBXGroup</string>
			<key>path</key>
			<string>Fonts</string>
			<key>sourceTree</key>
			<string>&lt;group&gt;</string>
		</dict>
		<key>4FB5CECF1942944A0051C6BD</key>
		<dict>
			<key>children</key>
			<array>
				<string>4FB5CED01942944A0051C6BD</string>
				<string>4FB5CED11942944A0051C6BD</string>
				<string>4FB5CED21942944A0051C6BD</string>
				<string>4FB5CED31942944A0051C6BD</string>
				<string>4FB5CED41942944A0051C6BD</string>
				<string>4FB5CED51942944A0051C6BD</string>
				<string>4FB5CED61942944A0051C6BD</string>
				<string>4FB5CED71942944A0051C6BD</string>
				<string>4FB5CED81942944A0051C6BD</string>
				<string>4FB5CED91942944A0051C6BD</string>
				<string>4FB5CEDA1942944A0051C6BD</string>
				<string>4FB5CEDB1942944A0051C6BD</string>
				<string>4FB5CEDC1942944A0051C6BD</string>
				<string>4FB5CEDD1942944A0051C6BD</string>
				<string>4FB5CEDE1942944A0051C6BD</string>
				<string>4FB5CEDF1942944A0051C6BD</string>
			</array>
			<key>isa</key>
			<string>PBXGroup</string>
			<key>path</key>
			<string>Ideal Sans</string>
			<key>sourceTree</key>
			<string>&lt;group&gt;</string>
		</dict>
		<key>4FB5CED01942944A0051C6BD</key>
		<dict>
			<key>isa</key>
			<string>PBXFileReference</string>
			<key>lastKnownFileType</key>
			<string>file</string>
			<key>path</key>
			<string>IdealSans-Black-Pro.otf</string>
			<key>sourceTree</key>
			<string>&lt;group&gt;</string>
		</dict>
		<key>4FB5CED11942944A0051C6BD</key>
		<dict>
			<key>isa</key>
			<string>PBXFileReference</string>
			<key>lastKnownFileType</key>
			<string>file</string>
			<key>path</key>
			<string>IdealSans-BlackItalic-Pro.otf</string>
			<key>sourceTree</key>
			<string>&lt;group&gt;</string>
		</dict>
		<key>4FB5CED21942944A0051C6BD</key>
		<dict>
			<key>isa</key>
			<string>PBXFileReference</string>
			<key>lastKnownFileType</key>
			<string>file</string>
			<key>path</key>
			<string>IdealSans-Bold-Pro.otf</string>
			<key>sourceTree</key>
			<string>&lt;group&gt;</string>
		</dict>
		<key>4FB5CED31942944A0051C6BD</key>
		<dict>
			<key>isa</key>
			<string>PBXFileReference</string>
			<key>lastKnownFileType</key>
			<string>file</string>
			<key>path</key>
			<string>IdealSans-BoldItalic-Pro.otf</string>
			<key>sourceTree</key>
			<string>&lt;group&gt;</string>
		</dict>
		<key>4FB5CED41942944A0051C6BD</key>
		<dict>
			<key>isa</key>
			<string>PBXFileReference</string>
			<key>lastKnownFileType</key>
			<string>file</string>
			<key>path</key>
			<string>IdealSans-Book-Pro.otf</string>
			<key>sourceTree</key>
			<string>&lt;group&gt;</string>
		</dict>
		<key>4FB5CED51942944A0051C6BD</key>
		<dict>
			<key>isa</key>
			<string>PBXFileReference</string>
			<key>lastKnownFileType</key>
			<string>file</string>
			<key>path</key>
			<string>IdealSans-BookItalic-Pro.otf</string>
			<key>sourceTree</key>
			<string>&lt;group&gt;</string>
		</dict>
		<key>4FB5CED61942944A0051C6BD</key>
		<dict>
			<key>isa</key>
			<string>PBXFileReference</string>
			<key>lastKnownFileType</key>
			<string>file</string>
			<key>path</key>
			<string>IdealSans-Light-Pro.otf</string>
			<key>sourceTree</key>
			<string>&lt;group&gt;</string>
		</dict>
		<key>4FB5CED71942944A0051C6BD</key>
		<dict>
			<key>isa</key>
			<string>PBXFileReference</string>
			<key>lastKnownFileType</key>
			<string>file</string>
			<key>path</key>
			<string>IdealSans-LightItalic-Pro.otf</string>
			<key>sourceTree</key>
			<string>&lt;group&gt;</string>
		</dict>
		<key>4FB5CED81942944A0051C6BD</key>
		<dict>
			<key>isa</key>
			<string>PBXFileReference</string>
			<key>lastKnownFileType</key>
			<string>file</string>
			<key>path</key>
			<string>IdealSans-Medium-Pro.otf</string>
			<key>sourceTree</key>
			<string>&lt;group&gt;</string>
		</dict>
		<key>4FB5CED91942944A0051C6BD</key>
		<dict>
			<key>isa</key>
			<string>PBXFileReference</string>
			<key>lastKnownFileType</key>
			<string>file</string>
			<key>path</key>
			<string>IdealSans-MediumItalic-Pro.otf</string>
			<key>sourceTree</key>
			<string>&lt;group&gt;</string>
		</dict>
		<key>4FB5CEDA1942944A0051C6BD</key>
		<dict>
			<key>isa</key>
			<string>PBXFileReference</string>
			<key>lastKnownFileType</key>
			<string>file</string>
			<key>path</key>
			<string>IdealSans-Semibold-Pro.otf</string>
			<key>sourceTree</key>
			<string>&lt;group&gt;</string>
		</dict>
		<key>4FB5CEDB1942944A0051C6BD</key>
		<dict>
			<key>isa</key>
			<string>PBXFileReference</string>
			<key>lastKnownFileType</key>
			<string>file</string>
			<key>path</key>
			<string>IdealSans-SemiboldItalic-Pro.otf</string>
			<key>sourceTree</key>
			<string>&lt;group&gt;</string>
		</dict>
		<key>4FB5CEDC1942944A0051C6BD</key>
		<dict>
			<key>isa</key>
			<string>PBXFileReference</string>
			<key>lastKnownFileType</key>
			<string>file</string>
			<key>path</key>
			<string>IdealSans-Thin-Pro.otf</string>
			<key>sourceTree</key>
			<string>&lt;group&gt;</string>
		</dict>
		<key>4FB5CEDD1942944A0051C6BD</key>
		<dict>
			<key>isa</key>
			<string>PBXFileReference</string>
			<key>lastKnownFileType</key>
			<string>file</string>
			<key>path</key>
			<string>IdealSans-ThinItalic-Pro.otf</string>
			<key>sourceTree</key>
			<string>&lt;group&gt;</string>
		</dict>
		<key>4FB5CEDE1942944A0051C6BD</key>
		<dict>
			<key>isa</key>
			<string>PBXFileReference</string>
			<key>lastKnownFileType</key>
			<string>file</string>
			<key>path</key>
			<string>IdealSans-XLight-Pro.otf</string>
			<key>sourceTree</key>
			<string>&lt;group&gt;</string>
		</dict>
		<key>4FB5CEDF1942944A0051C6BD</key>
		<dict>
			<key>isa</key>
			<string>PBXFileReference</string>
			<key>lastKnownFileType</key>
			<string>file</string>
			<key>path</key>
			<string>IdealSans-XLightItalic-Pro.otf</string>
			<key>sourceTree</key>
			<string>&lt;group&gt;</string>
		</dict>
		<key>4FB5CEE01942944A0051C6BD</key>
		<dict>
			<key>fileRef</key>
			<string>4FB5CED01942944A0051C6BD</string>
			<key>isa</key>
			<string>PBXBuildFile</string>
		</dict>
		<key>4FB5CEE11942944A0051C6BD</key>
		<dict>
			<key>fileRef</key>
			<string>4FB5CED11942944A0051C6BD</string>
			<key>isa</key>
			<string>PBXBuildFile</string>
		</dict>
		<key>4FB5CEE21942944A0051C6BD</key>
		<dict>
			<key>fileRef</key>
			<string>4FB5CED21942944A0051C6BD</string>
			<key>isa</key>
			<string>PBXBuildFile</string>
		</dict>
		<key>4FB5CEE31942944A0051C6BD</key>
		<dict>
			<key>fileRef</key>
			<string>4FB5CED31942944A0051C6BD</string>
			<key>isa</key>
			<string>PBXBuildFile</string>
		</dict>
		<key>4FB5CEE41942944A0051C6BD</key>
		<dict>
			<key>fileRef</key>
			<string>4FB5CED41942944A0051C6BD</string>
			<key>isa</key>
			<string>PBXBuildFile</string>
		</dict>
		<key>4FB5CEE51942944A0051C6BD</key>
		<dict>
			<key>fileRef</key>
			<string>4FB5CED51942944A0051C6BD</string>
			<key>isa</key>
			<string>PBXBuildFile</string>
		</dict>
		<key>4FB5CEE61942944A0051C6BD</key>
		<dict>
			<key>fileRef</key>
			<string>4FB5CED61942944A0051C6BD</string>
			<key>isa</key>
			<string>PBXBuildFile</string>
		</dict>
		<key>4FB5CEE71942944A0051C6BD</key>
		<dict>
			<key>fileRef</key>
			<string>4FB5CED71942944A0051C6BD</string>
			<key>isa</key>
			<string>PBXBuildFile</string>
		</dict>
		<key>4FB5CEE81942944A0051C6BD</key>
		<dict>
			<key>fileRef</key>
			<string>4FB5CED81942944A0051C6BD</string>
			<key>isa</key>
			<string>PBXBuildFile</string>
		</dict>
		<key>4FB5CEE91942944A0051C6BD</key>
		<dict>
			<key>fileRef</key>
			<string>4FB5CED91942944A0051C6BD</string>
			<key>isa</key>
			<string>PBXBuildFile</string>
		</dict>
		<key>4FB5CEEA1942944A0051C6BD</key>
		<dict>
			<key>fileRef</key>
			<string>4FB5CEDA1942944A0051C6BD</string>
			<key>isa</key>
			<string>PBXBuildFile</string>
		</dict>
		<key>4FB5CEEB1942944A0051C6BD</key>
		<dict>
			<key>fileRef</key>
			<string>4FB5CEDB1942944A0051C6BD</string>
			<key>isa</key>
			<string>PBXBuildFile</string>
		</dict>
		<key>4FB5CEEC1942944A0051C6BD</key>
		<dict>
			<key>fileRef</key>
			<string>4FB5CEDC1942944A0051C6BD</string>
			<key>isa</key>
			<string>PBXBuildFile</string>
		</dict>
		<key>4FB5CEED1942944A0051C6BD</key>
		<dict>
			<key>fileRef</key>
			<string>4FB5CEDD1942944A0051C6BD</string>
			<key>isa</key>
			<string>PBXBuildFile</string>
		</dict>
		<key>4FB5CEEE1942944A0051C6BD</key>
		<dict>
			<key>fileRef</key>
			<string>4FB5CEDE1942944A0051C6BD</string>
			<key>isa</key>
			<string>PBXBuildFile</string>
		</dict>
		<key>4FB5CEEF1942944A0051C6BD</key>
		<dict>
			<key>fileRef</key>
			<string>4FB5CEDF1942944A0051C6BD</string>
			<key>isa</key>
			<string>PBXBuildFile</string>
		</dict>
		<key>4FB5CEF0194383F90051C6BD</key>
		<dict>
			<key>fileEncoding</key>
			<string>4</string>
			<key>isa</key>
			<string>PBXFileReference</string>
			<key>lastKnownFileType</key>
			<string>sourcecode.c.h</string>
			<key>path</key>
			<string>UIColor+Hexadecimal.h</string>
			<key>sourceTree</key>
			<string>&lt;group&gt;</string>
		</dict>
		<key>4FB5CEF1194383F90051C6BD</key>
		<dict>
			<key>fileEncoding</key>
			<string>4</string>
			<key>isa</key>
			<string>PBXFileReference</string>
			<key>lastKnownFileType</key>
			<string>sourcecode.c.objc</string>
			<key>path</key>
			<string>UIColor+Hexadecimal.m</string>
			<key>sourceTree</key>
			<string>&lt;group&gt;</string>
		</dict>
		<key>4FB5CEF2194383F90051C6BD</key>
		<dict>
			<key>fileRef</key>
			<string>4FB5CEF1194383F90051C6BD</string>
			<key>isa</key>
			<string>PBXBuildFile</string>
		</dict>
		<key>4FB5CEF41943BA140051C6BD</key>
		<dict>
			<key>children</key>
			<array>
				<string>4FB5CEF51943BA140051C6BD</string>
				<string>4FB5CEF61943BA140051C6BD</string>
				<string>4FB5CEF71943BA140051C6BD</string>
				<string>4FB5CEF81943BA140051C6BD</string>
				<string>4FB5CEF91943BA140051C6BD</string>
				<string>4FB5CEFA1943BA140051C6BD</string>
				<string>4FB5CEFB1943BA140051C6BD</string>
				<string>4FB5CEFC1943BA140051C6BD</string>
				<string>4FB5CEFD1943BA140051C6BD</string>
				<string>4FB5CEFE1943BA140051C6BD</string>
				<string>4FB5CEFF1943BA140051C6BD</string>
				<string>4FB5CF001943BA140051C6BD</string>
				<string>4FB5CF011943BA140051C6BD</string>
				<string>4FB5CF021943BA140051C6BD</string>
				<string>4FB5CF031943BA140051C6BD</string>
				<string>4FB5CF041943BA140051C6BD</string>
				<string>4FB5CF051943BA140051C6BD</string>
				<string>4FB5CF061943BA140051C6BD</string>
				<string>4FB5CF071943BA140051C6BD</string>
			</array>
			<key>isa</key>
			<string>PBXGroup</string>
			<key>path</key>
			<string>Lato</string>
			<key>sourceTree</key>
			<string>&lt;group&gt;</string>
		</dict>
		<key>4FB5CEF51943BA140051C6BD</key>
		<dict>
			<key>isa</key>
			<string>PBXFileReference</string>
			<key>lastKnownFileType</key>
			<string>file</string>
			<key>path</key>
			<string>Lato-Black.ttf</string>
			<key>sourceTree</key>
			<string>&lt;group&gt;</string>
		</dict>
		<key>4FB5CEF61943BA140051C6BD</key>
		<dict>
			<key>isa</key>
			<string>PBXFileReference</string>
			<key>lastKnownFileType</key>
			<string>file</string>
			<key>path</key>
			<string>Lato-BlackItalic.ttf</string>
			<key>sourceTree</key>
			<string>&lt;group&gt;</string>
		</dict>
		<key>4FB5CEF71943BA140051C6BD</key>
		<dict>
			<key>isa</key>
			<string>PBXFileReference</string>
			<key>lastKnownFileType</key>
			<string>file</string>
			<key>path</key>
			<string>Lato-Bold.ttf</string>
			<key>sourceTree</key>
			<string>&lt;group&gt;</string>
		</dict>
		<key>4FB5CEF81943BA140051C6BD</key>
		<dict>
			<key>isa</key>
			<string>PBXFileReference</string>
			<key>lastKnownFileType</key>
			<string>file</string>
			<key>path</key>
			<string>Lato-BoldItalic.ttf</string>
			<key>sourceTree</key>
			<string>&lt;group&gt;</string>
		</dict>
		<key>4FB5CEF91943BA140051C6BD</key>
		<dict>
			<key>isa</key>
			<string>PBXFileReference</string>
			<key>lastKnownFileType</key>
			<string>file</string>
			<key>path</key>
			<string>Lato-Hairline.ttf</string>
			<key>sourceTree</key>
			<string>&lt;group&gt;</string>
		</dict>
		<key>4FB5CEFA1943BA140051C6BD</key>
		<dict>
			<key>isa</key>
			<string>PBXFileReference</string>
			<key>lastKnownFileType</key>
			<string>file</string>
			<key>path</key>
			<string>Lato-HairlineItalic.ttf</string>
			<key>sourceTree</key>
			<string>&lt;group&gt;</string>
		</dict>
		<key>4FB5CEFB1943BA140051C6BD</key>
		<dict>
			<key>isa</key>
			<string>PBXFileReference</string>
			<key>lastKnownFileType</key>
			<string>file</string>
			<key>path</key>
			<string>Lato-Heavy.ttf</string>
			<key>sourceTree</key>
			<string>&lt;group&gt;</string>
		</dict>
		<key>4FB5CEFC1943BA140051C6BD</key>
		<dict>
			<key>isa</key>
			<string>PBXFileReference</string>
			<key>lastKnownFileType</key>
			<string>file</string>
			<key>path</key>
			<string>Lato-HeavyItalic.ttf</string>
			<key>sourceTree</key>
			<string>&lt;group&gt;</string>
		</dict>
		<key>4FB5CEFD1943BA140051C6BD</key>
		<dict>
			<key>isa</key>
			<string>PBXFileReference</string>
			<key>lastKnownFileType</key>
			<string>file</string>
			<key>path</key>
			<string>Lato-Italic.ttf</string>
			<key>sourceTree</key>
			<string>&lt;group&gt;</string>
		</dict>
		<key>4FB5CEFE1943BA140051C6BD</key>
		<dict>
			<key>isa</key>
			<string>PBXFileReference</string>
			<key>lastKnownFileType</key>
			<string>file</string>
			<key>path</key>
			<string>Lato-Light.ttf</string>
			<key>sourceTree</key>
			<string>&lt;group&gt;</string>
		</dict>
		<key>4FB5CEFF1943BA140051C6BD</key>
		<dict>
			<key>isa</key>
			<string>PBXFileReference</string>
			<key>lastKnownFileType</key>
			<string>file</string>
			<key>path</key>
			<string>Lato-LightItalic.ttf</string>
			<key>sourceTree</key>
			<string>&lt;group&gt;</string>
		</dict>
		<key>4FB5CF001943BA140051C6BD</key>
		<dict>
			<key>isa</key>
			<string>PBXFileReference</string>
			<key>lastKnownFileType</key>
			<string>file</string>
			<key>path</key>
			<string>Lato-Medium.ttf</string>
			<key>sourceTree</key>
			<string>&lt;group&gt;</string>
		</dict>
		<key>4FB5CF011943BA140051C6BD</key>
		<dict>
			<key>isa</key>
			<string>PBXFileReference</string>
			<key>lastKnownFileType</key>
			<string>file</string>
			<key>path</key>
			<string>Lato-MediumItalic.ttf</string>
			<key>sourceTree</key>
			<string>&lt;group&gt;</string>
		</dict>
		<key>4FB5CF021943BA140051C6BD</key>
		<dict>
			<key>isa</key>
			<string>PBXFileReference</string>
			<key>lastKnownFileType</key>
			<string>file</string>
			<key>path</key>
			<string>Lato-Regular.ttf</string>
			<key>sourceTree</key>
			<string>&lt;group&gt;</string>
		</dict>
		<key>4FB5CF031943BA140051C6BD</key>
		<dict>
			<key>isa</key>
			<string>PBXFileReference</string>
			<key>lastKnownFileType</key>
			<string>file</string>
			<key>path</key>
			<string>Lato-Semibold.ttf</string>
			<key>sourceTree</key>
			<string>&lt;group&gt;</string>
		</dict>
		<key>4FB5CF041943BA140051C6BD</key>
		<dict>
			<key>isa</key>
			<string>PBXFileReference</string>
			<key>lastKnownFileType</key>
			<string>file</string>
			<key>path</key>
			<string>Lato-SemiboldItalic.ttf</string>
			<key>sourceTree</key>
			<string>&lt;group&gt;</string>
		</dict>
		<key>4FB5CF051943BA140051C6BD</key>
		<dict>
			<key>isa</key>
			<string>PBXFileReference</string>
			<key>lastKnownFileType</key>
			<string>file</string>
			<key>path</key>
			<string>Lato-Thin.ttf</string>
			<key>sourceTree</key>
			<string>&lt;group&gt;</string>
		</dict>
		<key>4FB5CF061943BA140051C6BD</key>
		<dict>
			<key>isa</key>
			<string>PBXFileReference</string>
			<key>lastKnownFileType</key>
			<string>file</string>
			<key>path</key>
			<string>Lato-ThinItalic.ttf</string>
			<key>sourceTree</key>
			<string>&lt;group&gt;</string>
		</dict>
		<key>4FB5CF071943BA140051C6BD</key>
		<dict>
			<key>fileEncoding</key>
			<string>4</string>
			<key>isa</key>
			<string>PBXFileReference</string>
			<key>lastKnownFileType</key>
			<string>text</string>
			<key>path</key>
			<string>OFL.txt</string>
			<key>sourceTree</key>
			<string>&lt;group&gt;</string>
		</dict>
		<key>4FB5CF081943BA140051C6BD</key>
		<dict>
			<key>fileRef</key>
			<string>4FB5CEF51943BA140051C6BD</string>
			<key>isa</key>
			<string>PBXBuildFile</string>
		</dict>
		<key>4FB5CF091943BA140051C6BD</key>
		<dict>
			<key>fileRef</key>
			<string>4FB5CEF61943BA140051C6BD</string>
			<key>isa</key>
			<string>PBXBuildFile</string>
		</dict>
		<key>4FB5CF0A1943BA140051C6BD</key>
		<dict>
			<key>fileRef</key>
			<string>4FB5CEF71943BA140051C6BD</string>
			<key>isa</key>
			<string>PBXBuildFile</string>
		</dict>
		<key>4FB5CF0B1943BA140051C6BD</key>
		<dict>
			<key>fileRef</key>
			<string>4FB5CEF81943BA140051C6BD</string>
			<key>isa</key>
			<string>PBXBuildFile</string>
		</dict>
		<key>4FB5CF0C1943BA140051C6BD</key>
		<dict>
			<key>fileRef</key>
			<string>4FB5CEF91943BA140051C6BD</string>
			<key>isa</key>
			<string>PBXBuildFile</string>
		</dict>
		<key>4FB5CF0D1943BA140051C6BD</key>
		<dict>
			<key>fileRef</key>
			<string>4FB5CEFA1943BA140051C6BD</string>
			<key>isa</key>
			<string>PBXBuildFile</string>
		</dict>
		<key>4FB5CF0E1943BA140051C6BD</key>
		<dict>
			<key>fileRef</key>
			<string>4FB5CEFB1943BA140051C6BD</string>
			<key>isa</key>
			<string>PBXBuildFile</string>
		</dict>
		<key>4FB5CF0F1943BA140051C6BD</key>
		<dict>
			<key>fileRef</key>
			<string>4FB5CEFC1943BA140051C6BD</string>
			<key>isa</key>
			<string>PBXBuildFile</string>
		</dict>
		<key>4FB5CF101943BA140051C6BD</key>
		<dict>
			<key>fileRef</key>
			<string>4FB5CEFD1943BA140051C6BD</string>
			<key>isa</key>
			<string>PBXBuildFile</string>
		</dict>
		<key>4FB5CF111943BA140051C6BD</key>
		<dict>
			<key>fileRef</key>
			<string>4FB5CEFE1943BA140051C6BD</string>
			<key>isa</key>
			<string>PBXBuildFile</string>
		</dict>
		<key>4FB5CF121943BA140051C6BD</key>
		<dict>
			<key>fileRef</key>
			<string>4FB5CEFF1943BA140051C6BD</string>
			<key>isa</key>
			<string>PBXBuildFile</string>
		</dict>
		<key>4FB5CF131943BA140051C6BD</key>
		<dict>
			<key>fileRef</key>
			<string>4FB5CF001943BA140051C6BD</string>
			<key>isa</key>
			<string>PBXBuildFile</string>
		</dict>
		<key>4FB5CF141943BA140051C6BD</key>
		<dict>
			<key>fileRef</key>
			<string>4FB5CF011943BA140051C6BD</string>
			<key>isa</key>
			<string>PBXBuildFile</string>
		</dict>
		<key>4FB5CF151943BA140051C6BD</key>
		<dict>
			<key>fileRef</key>
			<string>4FB5CF021943BA140051C6BD</string>
			<key>isa</key>
			<string>PBXBuildFile</string>
		</dict>
		<key>4FB5CF161943BA140051C6BD</key>
		<dict>
			<key>fileRef</key>
			<string>4FB5CF031943BA140051C6BD</string>
			<key>isa</key>
			<string>PBXBuildFile</string>
		</dict>
		<key>4FB5CF171943BA140051C6BD</key>
		<dict>
			<key>fileRef</key>
			<string>4FB5CF041943BA140051C6BD</string>
			<key>isa</key>
			<string>PBXBuildFile</string>
		</dict>
		<key>4FB5CF181943BA140051C6BD</key>
		<dict>
			<key>fileRef</key>
			<string>4FB5CF051943BA140051C6BD</string>
			<key>isa</key>
			<string>PBXBuildFile</string>
		</dict>
		<key>4FB5CF191943BA140051C6BD</key>
		<dict>
			<key>fileRef</key>
			<string>4FB5CF061943BA140051C6BD</string>
			<key>isa</key>
			<string>PBXBuildFile</string>
		</dict>
		<key>4FB5CF1A1943BA140051C6BD</key>
		<dict>
			<key>fileRef</key>
			<string>4FB5CF071943BA140051C6BD</string>
			<key>isa</key>
			<string>PBXBuildFile</string>
		</dict>
		<key>7C28AF233A3440BF861BEB87</key>
		<dict>
			<key>explicitFileType</key>
			<string>archive.ar</string>
			<key>includeInIndex</key>
			<string>0</string>
			<key>isa</key>
			<string>PBXFileReference</string>
			<key>path</key>
			<string>libPods.a</string>
			<key>sourceTree</key>
			<string>BUILT_PRODUCTS_DIR</string>
		</dict>
		<key>80DE751658C84F6E894FCE7A</key>
		<dict>
			<key>buildActionMask</key>
			<string>2147483647</string>
			<key>files</key>
			<array/>
			<key>inputPaths</key>
			<array/>
			<key>isa</key>
			<string>PBXShellScriptBuildPhase</string>
			<key>name</key>
			<string>Copy Pods Resources</string>
			<key>outputPaths</key>
			<array/>
			<key>runOnlyForDeploymentPostprocessing</key>
			<string>0</string>
			<key>shellPath</key>
			<string>/bin/sh</string>
			<key>shellScript</key>
			<string>"${SRCROOT}/Pods/Pods-resources.sh"
</string>
			<key>showEnvVarsInLog</key>
			<string>0</string>
		</dict>
		<key>82691CA88C254035AC3A9848</key>
		<dict>
			<key>buildActionMask</key>
			<string>2147483647</string>
			<key>files</key>
			<array/>
			<key>inputPaths</key>
			<array/>
			<key>isa</key>
			<string>PBXShellScriptBuildPhase</string>
			<key>name</key>
			<string>Check Pods Manifest.lock</string>
			<key>outputPaths</key>
			<array/>
			<key>runOnlyForDeploymentPostprocessing</key>
			<string>0</string>
			<key>shellPath</key>
			<string>/bin/sh</string>
			<key>shellScript</key>
			<string>diff "${PODS_ROOT}/../Podfile.lock" "${PODS_ROOT}/Manifest.lock" &gt; /dev/null
if [[ $? != 0 ]] ; then
    cat &lt;&lt; EOM
error: The sandbox is not in sync with the Podfile.lock. Run 'pod install' or update your CocoaPods installation.
EOM
    exit 1
fi
</string>
			<key>showEnvVarsInLog</key>
			<string>0</string>
		</dict>
		<key>DC3D8C2CF037427184D94841</key>
		<dict>
			<key>fileRef</key>
			<string>7C28AF233A3440BF861BEB87</string>
			<key>isa</key>
			<string>PBXBuildFile</string>
		</dict>
	</dict>
	<key>rootObject</key>
	<string>4FB5CE7719421BB70051C6BD</string>
</dict>
</plist>
