// !$*UTF8*$!
{
	archiveVersion = 1;
	classes = {
	};
	objectVersion = 46;
	objects = {

/* Begin PBXBuildFile section */
		02814654A00E4227802251C5 /* libPods.a in Frameworks */ = {isa = PBXBuildFile; fileRef = AED14F1ABCD94E898178FF50 /* libPods.a */; };
		4F44C93E193FD8B000E34052 /* Foundation.framework in Frameworks */ = {isa = PBXBuildFile; fileRef = 4F44C93D193FD8B000E34052 /* Foundation.framework */; };
		4F44C940193FD8B000E34052 /* CoreGraphics.framework in Frameworks */ = {isa = PBXBuildFile; fileRef = 4F44C93F193FD8B000E34052 /* CoreGraphics.framework */; };
		4F44C942193FD8B000E34052 /* UIKit.framework in Frameworks */ = {isa = PBXBuildFile; fileRef = 4F44C941193FD8B000E34052 /* UIKit.framework */; };
		4F4C75BC1957ABB200C32957 /* CoreData.framework in Frameworks */ = {isa = PBXBuildFile; fileRef = 4F4C75BB1957ABB200C32957 /* CoreData.framework */; };
		4F4C75F11957AD7B00C32957 /* AppDelegate.m in Sources */ = {isa = PBXBuildFile; fileRef = 4F4C75E21957AD7B00C32957 /* AppDelegate.m */; };
		4F4C75F21957AD7B00C32957 /* countries.json in Resources */ = {isa = PBXBuildFile; fileRef = 4F4C75E31957AD7B00C32957 /* countries.json */; };
		4F4C75F31957AD7B00C32957 /* Country.m in Sources */ = {isa = PBXBuildFile; fileRef = 4F4C75E51957AD7B00C32957 /* Country.m */; };
		4F4C75F41957AD7B00C32957 /* InfoPlist.strings in Resources */ = {isa = PBXBuildFile; fileRef = 4F4C75E61957AD7B00C32957 /* InfoPlist.strings */; };
		4F4C75F51957AD7B00C32957 /* Images.xcassets in Resources */ = {isa = PBXBuildFile; fileRef = 4F4C75E81957AD7B00C32957 /* Images.xcassets */; };
		4F4C75F61957AD7B00C32957 /* MainViewController.m in Sources */ = {isa = PBXBuildFile; fileRef = 4F4C75EA1957AD7B00C32957 /* MainViewController.m */; };
		4F4C75F71957AD7B00C32957 /* Model.xcdatamodeld in Sources */ = {isa = PBXBuildFile; fileRef = 4F4C75EB1957AD7B00C32957 /* Model.xcdatamodeld */; };
		4F4C75F91957AD7B00C32957 /* main.m in Sources */ = {isa = PBXBuildFile; fileRef = 4F4C75F01957AD7B00C32957 /* main.m */; };
		4F657CC219CD4A8700347199 /* System.xcassets in Resources */ = {isa = PBXBuildFile; fileRef = 4F657CC119CD4A8700347199 /* System.xcassets */; };
/* End PBXBuildFile section */

/* Begin PBXFileReference section */
		27AF644AB604AEC96EE0DBE6 /* Pods.release.xcconfig */ = {isa = PBXFileReference; includeInIndex = 1; lastKnownFileType = text.xcconfig; name = Pods.release.xcconfig; path = "Pods/Target Support Files/Pods/Pods.release.xcconfig"; sourceTree = "<group>"; };
		4F44C93A193FD8B000E34052 /* Countries.app */ = {isa = PBXFileReference; explicitFileType = wrapper.application; includeInIndex = 0; path = Countries.app; sourceTree = BUILT_PRODUCTS_DIR; };
		4F44C93D193FD8B000E34052 /* Foundation.framework */ = {isa = PBXFileReference; lastKnownFileType = wrapper.framework; name = Foundation.framework; path = System/Library/Frameworks/Foundation.framework; sourceTree = SDKROOT; };
		4F44C93F193FD8B000E34052 /* CoreGraphics.framework */ = {isa = PBXFileReference; lastKnownFileType = wrapper.framework; name = CoreGraphics.framework; path = System/Library/Frameworks/CoreGraphics.framework; sourceTree = SDKROOT; };
		4F44C941193FD8B000E34052 /* UIKit.framework */ = {isa = PBXFileReference; lastKnownFileType = wrapper.framework; name = UIKit.framework; path = System/Library/Frameworks/UIKit.framework; sourceTree = SDKROOT; };
		4F44C95C193FD8B200E34052 /* XCTest.framework */ = {isa = PBXFileReference; lastKnownFileType = wrapper.framework; name = XCTest.framework; path = Library/Frameworks/XCTest.framework; sourceTree = DEVELOPER_DIR; };
		4F4C75BB1957ABB200C32957 /* CoreData.framework */ = {isa = PBXFileReference; lastKnownFileType = wrapper.framework; name = CoreData.framework; path = System/Library/Frameworks/CoreData.framework; sourceTree = SDKROOT; };
		4F4C75E11957AD7B00C32957 /* AppDelegate.h */ = {isa = PBXFileReference; fileEncoding = 4; lastKnownFileType = sourcecode.c.h; path = AppDelegate.h; sourceTree = "<group>"; };
		4F4C75E21957AD7B00C32957 /* AppDelegate.m */ = {isa = PBXFileReference; fileEncoding = 4; lastKnownFileType = sourcecode.c.objc; path = AppDelegate.m; sourceTree = "<group>"; };
		4F4C75E31957AD7B00C32957 /* countries.json */ = {isa = PBXFileReference; fileEncoding = 4; lastKnownFileType = text.json; path = countries.json; sourceTree = "<group>"; };
		4F4C75E41957AD7B00C32957 /* Country.h */ = {isa = PBXFileReference; fileEncoding = 4; lastKnownFileType = sourcecode.c.h; path = Country.h; sourceTree = "<group>"; };
		4F4C75E51957AD7B00C32957 /* Country.m */ = {isa = PBXFileReference; fileEncoding = 4; lastKnownFileType = sourcecode.c.objc; path = Country.m; sourceTree = "<group>"; };
		4F4C75E71957AD7B00C32957 /* en */ = {isa = PBXFileReference; lastKnownFileType = text.plist.strings; name = en; path = en.lproj/InfoPlist.strings; sourceTree = "<group>"; };
		4F4C75E81957AD7B00C32957 /* Images.xcassets */ = {isa = PBXFileReference; lastKnownFileType = folder.assetcatalog; name = Images.xcassets; path = ../Images.xcassets; sourceTree = "<group>"; };
		4F4C75E91957AD7B00C32957 /* MainViewController.h */ = {isa = PBXFileReference; fileEncoding = 4; lastKnownFileType = sourcecode.c.h; path = MainViewController.h; sourceTree = "<group>"; };
		4F4C75EA1957AD7B00C32957 /* MainViewController.m */ = {isa = PBXFileReference; fileEncoding = 4; lastKnownFileType = sourcecode.c.objc; path = MainViewController.m; sourceTree = "<group>"; };
		4F4C75EC1957AD7B00C32957 /* Model.xcdatamodel */ = {isa = PBXFileReference; lastKnownFileType = wrapper.xcdatamodel; path = Model.xcdatamodel; sourceTree = "<group>"; };
		4F4C75EE1957AD7B00C32957 /* Countries-Info.plist */ = {isa = PBXFileReference; fileEncoding = 4; lastKnownFileType = text.plist.xml; path = "Countries-Info.plist"; sourceTree = "<group>"; };
		4F4C75EF1957AD7B00C32957 /* Countries-Prefix.pch */ = {isa = PBXFileReference; fileEncoding = 4; lastKnownFileType = sourcecode.c.h; path = "Countries-Prefix.pch"; sourceTree = "<group>"; };
		4F4C75F01957AD7B00C32957 /* main.m */ = {isa = PBXFileReference; fileEncoding = 4; lastKnownFileType = sourcecode.c.objc; path = main.m; sourceTree = "<group>"; };
		4F657CC119CD4A8700347199 /* System.xcassets */ = {isa = PBXFileReference; lastKnownFileType = folder.assetcatalog; name = System.xcassets; path = Countries/System.xcassets; sourceTree = SOURCE_ROOT; };
		AED14F1ABCD94E898178FF50 /* libPods.a */ = {isa = PBXFileReference; explicitFileType = archive.ar; includeInIndex = 0; path = libPods.a; sourceTree = BUILT_PRODUCTS_DIR; };
		D2421B3CF1B527EDF568FAB8 /* Pods.debug.xcconfig */ = {isa = PBXFileReference; includeInIndex = 1; lastKnownFileType = text.xcconfig; name = Pods.debug.xcconfig; path = "Pods/Target Support Files/Pods/Pods.debug.xcconfig"; sourceTree = "<group>"; };
/* End PBXFileReference section */

/* Begin PBXFrameworksBuildPhase section */
		4F44C937193FD8B000E34052 /* Frameworks */ = {
			isa = PBXFrameworksBuildPhase;
			buildActionMask = 2147483647;
			files = (
				4F4C75BC1957ABB200C32957 /* CoreData.framework in Frameworks */,
				4F44C940193FD8B000E34052 /* CoreGraphics.framework in Frameworks */,
				4F44C942193FD8B000E34052 /* UIKit.framework in Frameworks */,
				4F44C93E193FD8B000E34052 /* Foundation.framework in Frameworks */,
				02814654A00E4227802251C5 /* libPods.a in Frameworks */,
			);
			runOnlyForDeploymentPostprocessing = 0;
		};
/* End PBXFrameworksBuildPhase section */

/* Begin PBXGroup section */
		4F44C931193FD8B000E34052 = {
			isa = PBXGroup;
			children = (
				4F4C75E01957AD7B00C32957 /* Countries */,
				4F44C93C193FD8B000E34052 /* Frameworks */,
				4F44C93B193FD8B000E34052 /* Products */,
				725D668220685F6554F26A22 /* Pods */,
			);
			sourceTree = "<group>";
		};
		4F44C93B193FD8B000E34052 /* Products */ = {
			isa = PBXGroup;
			children = (
				4F44C93A193FD8B000E34052 /* Countries.app */,
			);
			name = Products;
			sourceTree = "<group>";
		};
		4F44C93C193FD8B000E34052 /* Frameworks */ = {
			isa = PBXGroup;
			children = (
				4F4C75BB1957ABB200C32957 /* CoreData.framework */,
				4F44C93D193FD8B000E34052 /* Foundation.framework */,
				4F44C93F193FD8B000E34052 /* CoreGraphics.framework */,
				4F44C941193FD8B000E34052 /* UIKit.framework */,
				4F44C95C193FD8B200E34052 /* XCTest.framework */,
				AED14F1ABCD94E898178FF50 /* libPods.a */,
			);
			name = Frameworks;
			sourceTree = "<group>";
		};
		4F4C75E01957AD7B00C32957 /* Countries */ = {
			isa = PBXGroup;
			children = (
				4F4C75E11957AD7B00C32957 /* AppDelegate.h */,
				4F4C75E21957AD7B00C32957 /* AppDelegate.m */,
				4F4C75E91957AD7B00C32957 /* MainViewController.h */,
				4F4C75EA1957AD7B00C32957 /* MainViewController.m */,
				4F4C75E41957AD7B00C32957 /* Country.h */,
				4F4C75E51957AD7B00C32957 /* Country.m */,
				4F4C75EB1957AD7B00C32957 /* Model.xcdatamodeld */,
				4F4C75E31957AD7B00C32957 /* countries.json */,
				4F4C75ED1957AD7B00C32957 /* Supporting Files */,
			);
			path = Countries;
			sourceTree = "<group>";
		};
		4F4C75ED1957AD7B00C32957 /* Supporting Files */ = {
			isa = PBXGroup;
			children = (
				4F4C75E81957AD7B00C32957 /* Images.xcassets */,
				4F657CC119CD4A8700347199 /* System.xcassets */,
				4F4C75E61957AD7B00C32957 /* InfoPlist.strings */,
				4F4C75EE1957AD7B00C32957 /* Countries-Info.plist */,
				4F4C75EF1957AD7B00C32957 /* Countries-Prefix.pch */,
				4F4C75F01957AD7B00C32957 /* main.m */,
			);
			path = "Supporting Files";
			sourceTree = "<group>";
		};
		725D668220685F6554F26A22 /* Pods */ = {
			isa = PBXGroup;
			children = (
				D2421B3CF1B527EDF568FAB8 /* Pods.debug.xcconfig */,
				27AF644AB604AEC96EE0DBE6 /* Pods.release.xcconfig */,
			);
			name = Pods;
			sourceTree = "<group>";
		};
/* End PBXGroup section */

/* Begin PBXNativeTarget section */
		4F44C939193FD8B000E34052 /* Countries */ = {
			isa = PBXNativeTarget;
			buildConfigurationList = 4F44C96C193FD8B200E34052 /* Build configuration list for PBXNativeTarget "Countries" */;
			buildPhases = (
				4F44C936193FD8B000E34052 /* Sources */,
				4F44C937193FD8B000E34052 /* Frameworks */,
				4F44C938193FD8B000E34052 /* Resources */,
			);
			buildRules = (
			);
			dependencies = (
			);
			name = Countries;
			productName = ScrollTest;
			productReference = 4F44C93A193FD8B000E34052 /* Countries.app */;
			productType = "com.apple.product-type.application";
		};
/* End PBXNativeTarget section */

/* Begin PBXProject section */
		4F44C932193FD8B000E34052 /* Project object */ = {
			isa = PBXProject;
			attributes = {
				LastUpgradeCheck = 0710;
				ORGANIZATIONNAME = "DZN Labs";
			};
			buildConfigurationList = 4F44C935193FD8B000E34052 /* Build configuration list for PBXProject "Countries" */;
			compatibilityVersion = "Xcode 3.2";
			developmentRegion = English;
			hasScannedForEncodings = 0;
			knownRegions = (
				en,
				Base,
			);
			mainGroup = 4F44C931193FD8B000E34052;
			productRefGroup = 4F44C93B193FD8B000E34052 /* Products */;
			projectDirPath = "";
			projectRoot = "";
			targets = (
				4F44C939193FD8B000E34052 /* Countries */,
			);
		};
/* End PBXProject section */

/* Begin PBXResourcesBuildPhase section */
		4F44C938193FD8B000E34052 /* Resources */ = {
			isa = PBXResourcesBuildPhase;
			buildActionMask = 2147483647;
			files = (
				4F4C75F21957AD7B00C32957 /* countries.json in Resources */,
				4F657CC219CD4A8700347199 /* System.xcassets in Resources */,
				4F4C75F51957AD7B00C32957 /* Images.xcassets in Resources */,
				4F4C75F41957AD7B00C32957 /* InfoPlist.strings in Resources */,
			);
			runOnlyForDeploymentPostprocessing = 0;
		};
/* End PBXResourcesBuildPhase section */

/* Begin PBXSourcesBuildPhase section */
		4F44C936193FD8B000E34052 /* Sources */ = {
			isa = PBXSourcesBuildPhase;
			buildActionMask = 2147483647;
			files = (
				4F4C75F11957AD7B00C32957 /* AppDelegate.m in Sources */,
				4F4C75F31957AD7B00C32957 /* Country.m in Sources */,
				4F4C75F71957AD7B00C32957 /* Model.xcdatamodeld in Sources */,
				4F4C75F91957AD7B00C32957 /* main.m in Sources */,
				4F4C75F61957AD7B00C32957 /* MainViewController.m in Sources */,
			);
			runOnlyForDeploymentPostprocessing = 0;
		};
/* End PBXSourcesBuildPhase section */

/* Begin PBXVariantGroup section */
		4F4C75E61957AD7B00C32957 /* InfoPlist.strings */ = {
			isa = PBXVariantGroup;
			children = (
				4F4C75E71957AD7B00C32957 /* en */,
			);
			name = InfoPlist.strings;
			path = ..;
			sourceTree = "<group>";
		};
/* End PBXVariantGroup section */

/* Begin XCBuildConfiguration section */
		4F44C96A193FD8B200E34052 /* Debug */ = {
			isa = XCBuildConfiguration;
			buildSettings = {
				ALWAYS_SEARCH_USER_PATHS = NO;
				CLANG_CXX_LANGUAGE_STANDARD = "gnu++0x";
				CLANG_CXX_LIBRARY = "libc++";
				CLANG_ENABLE_MODULES = YES;
				CLANG_ENABLE_OBJC_ARC = YES;
				CLANG_WARN_BOOL_CONVERSION = YES;
				CLANG_WARN_CONSTANT_CONVERSION = YES;
				CLANG_WARN_DIRECT_OBJC_ISA_USAGE = YES_ERROR;
				CLANG_WARN_EMPTY_BODY = YES;
				CLANG_WARN_ENUM_CONVERSION = YES;
				CLANG_WARN_INT_CONVERSION = YES;
				CLANG_WARN_OBJC_ROOT_CLASS = YES_ERROR;
				CLANG_WARN__DUPLICATE_METHOD_MATCH = YES;
				"CODE_SIGN_IDENTITY[sdk=iphoneos*]" = "iPhone Developer";
				COPY_PHASE_STRIP = NO;
				ENABLE_TESTABILITY = YES;
				GCC_C_LANGUAGE_STANDARD = gnu99;
				GCC_DYNAMIC_NO_PIC = NO;
				GCC_OPTIMIZATION_LEVEL = 0;
				GCC_PREPROCESSOR_DEFINITIONS = (
					"DEBUG=1",
					"$(inherited)",
				);
				GCC_SYMBOLS_PRIVATE_EXTERN = NO;
				GCC_WARN_64_TO_32_BIT_CONVERSION = YES;
				GCC_WARN_ABOUT_RETURN_TYPE = YES_ERROR;
				GCC_WARN_UNDECLARED_SELECTOR = YES;
				GCC_WARN_UNINITIALIZED_AUTOS = YES_AGGRESSIVE;
				GCC_WARN_UNUSED_FUNCTION = YES;
				GCC_WARN_UNUSED_VARIABLE = YES;
				IPHONEOS_DEPLOYMENT_TARGET = 7.0;
				ONLY_ACTIVE_ARCH = YES;
				SDKROOT = iphoneos;
			};
			name = Debug;
		};
		4F44C96B193FD8B200E34052 /* Release */ = {
			isa = XCBuildConfiguration;
			buildSettings = {
				ALWAYS_SEARCH_USER_PATHS = NO;
				CLANG_CXX_LANGUAGE_STANDARD = "gnu++0x";
				CLANG_CXX_LIBRARY = "libc++";
				CLANG_ENABLE_MODULES = YES;
				CLANG_ENABLE_OBJC_ARC = YES;
				CLANG_WARN_BOOL_CONVERSION = YES;
				CLANG_WARN_CONSTANT_CONVERSION = YES;
				CLANG_WARN_DIRECT_OBJC_ISA_USAGE = YES_ERROR;
				CLANG_WARN_EMPTY_BODY = YES;
				CLANG_WARN_ENUM_CONVERSION = YES;
				CLANG_WARN_INT_CONVERSION = YES;
				CLANG_WARN_OBJC_ROOT_CLASS = YES_ERROR;
				CLANG_WARN__DUPLICATE_METHOD_MATCH = YES;
				"CODE_SIGN_IDENTITY[sdk=iphoneos*]" = "iPhone Developer";
				COPY_PHASE_STRIP = YES;
				ENABLE_NS_ASSERTIONS = NO;
				GCC_C_LANGUAGE_STANDARD = gnu99;
				GCC_WARN_64_TO_32_BIT_CONVERSION = YES;
				GCC_WARN_ABOUT_RETURN_TYPE = YES_ERROR;
				GCC_WARN_UNDECLARED_SELECTOR = YES;
				GCC_WARN_UNINITIALIZED_AUTOS = YES_AGGRESSIVE;
				GCC_WARN_UNUSED_FUNCTION = YES;
				GCC_WARN_UNUSED_VARIABLE = YES;
				IPHONEOS_DEPLOYMENT_TARGET = 7.0;
				SDKROOT = iphoneos;
				VALIDATE_PRODUCT = YES;
			};
			name = Release;
		};
		4F44C96D193FD8B200E34052 /* Debug */ = {
			isa = XCBuildConfiguration;
			baseConfigurationReference = D2421B3CF1B527EDF568FAB8 /* Pods.debug.xcconfig */;
			buildSettings = {
				ASSETCATALOG_COMPILER_APPICON_NAME = AppIcon;
				ASSETCATALOG_COMPILER_LAUNCHIMAGE_NAME = LaunchImage;
				GCC_PRECOMPILE_PREFIX_HEADER = YES;
				GCC_PREFIX_HEADER = "Countries/Supporting Files/Countries-Prefix.pch";
				INFOPLIST_FILE = "$(SRCROOT)/Countries/Supporting Files/Countries-Info.plist";
				IPHONEOS_DEPLOYMENT_TARGET = 7.0;
				PRODUCT_BUNDLE_IDENTIFIER = "com.dzn.${PRODUCT_NAME:rfc1034identifier}";
				PRODUCT_NAME = Countries;
				SDKROOT = iphoneos;
				TARGETED_DEVICE_FAMILY = "1,2";
				WRAPPER_EXTENSION = app;
			};
			name = Debug;
		};
		4F44C96E193FD8B200E34052 /* Release */ = {
			isa = XCBuildConfiguration;
			baseConfigurationReference = 27AF644AB604AEC96EE0DBE6 /* Pods.release.xcconfig */;
			buildSettings = {
				ASSETCATALOG_COMPILER_APPICON_NAME = AppIcon;
				ASSETCATALOG_COMPILER_LAUNCHIMAGE_NAME = LaunchImage;
				GCC_PRECOMPILE_PREFIX_HEADER = YES;
				GCC_PREFIX_HEADER = "Countries/Supporting Files/Countries-Prefix.pch";
				INFOPLIST_FILE = "$(SRCROOT)/Countries/Supporting Files/Countries-Info.plist";
				IPHONEOS_DEPLOYMENT_TARGET = 7.0;
				PRODUCT_BUNDLE_IDENTIFIER = "com.dzn.${PRODUCT_NAME:rfc1034identifier}";
				PRODUCT_NAME = Countries;
				SDKROOT = iphoneos;
				TARGETED_DEVICE_FAMILY = "1,2";
				WRAPPER_EXTENSION = app;
			};
			name = Release;
		};
/* End XCBuildConfiguration section */

/* Begin XCConfigurationList section */
		4F44C935193FD8B000E34052 /* Build configuration list for PBXProject "Countries" */ = {
			isa = XCConfigurationList;
			buildConfigurations = (
				4F44C96A193FD8B200E34052 /* Debug */,
				4F44C96B193FD8B200E34052 /* Release */,
			);
			defaultConfigurationIsVisible = 0;
			defaultConfigurationName = Release;
		};
		4F44C96C193FD8B200E34052 /* Build configuration list for PBXNativeTarget "Countries" */ = {
			isa = XCConfigurationList;
			buildConfigurations = (
				4F44C96D193FD8B200E34052 /* Debug */,
				4F44C96E193FD8B200E34052 /* Release */,
			);
			defaultConfigurationIsVisible = 0;
			defaultConfigurationName = Release;
		};
/* End XCConfigurationList section */

/* Begin XCVersionGroup section */
		4F4C75EB1957AD7B00C32957 /* Model.xcdatamodeld */ = {
			isa = XCVersionGroup;
			children = (
				4F4C75EC1957AD7B00C32957 /* Model.xcdatamodel */,
			);
			currentVersion = 4F4C75EC1957AD7B00C32957 /* Model.xcdatamodel */;
			path = Model.xcdatamodeld;
			sourceTree = "<group>";
			versionGroupType = wrapper.xcdatamodel;
		};
/* End XCVersionGroup section */
	};
	rootObject = 4F44C932193FD8B000E34052 /* Project object */;
}
