// !$*UTF8*$!
{
	archiveVersion = 1;
	classes = {
	};
	objectVersion = 46;
	objects = {

/* Begin PBXBuildFile section */
		B2BC14E3498BA30F9A20FE75 /* Pods_DZNEmptyDataSetTests.framework in Frameworks */ = {isa = PBXBuildFile; fileRef = 391AA672D1AC4F1C3C5186F7 /* Pods_DZNEmptyDataSetTests.framework */; };
		E108711F21644A7C0023FC5E /* DZNEmptyDataSet.framework in Frameworks */ = {isa = PBXBuildFile; fileRef = F58A3E321E66AEE90086E0EF /* DZNEmptyDataSet.framework */; };
		E108712021644A7C0023FC5E /* DZNEmptyDataSet.framework in Embed Frameworks */ = {isa = PBXBuildFile; fileRef = F58A3E321E66AEE90086E0EF /* DZNEmptyDataSet.framework */; settings = {ATTRIBUTES = (CodeSignOnCopy, RemoveHeadersOnCopy, ); }; };
		E108712421644A9B0023FC5E /* DZNEmptyDataSet.framework in Frameworks */ = {isa = PBXBuildFile; fileRef = F58A3E321E66AEE90086E0EF /* DZNEmptyDataSet.framework */; };
		E108712521644A9B0023FC5E /* DZNEmptyDataSet.framework in Embed Frameworks */ = {isa = PBXBuildFile; fileRef = F58A3E321E66AEE90086E0EF /* DZNEmptyDataSet.framework */; settings = {ATTRIBUTES = (CodeSignOnCopy, RemoveHeadersOnCopy, ); }; };
		E139974F213F6E8A00689E6F /* UIColor+Hexadecimal.m in Sources */ = {isa = PBXBuildFile; fileRef = E14E1D93213E4F2C00647A29 /* UIColor+Hexadecimal.m */; };
		E1399750213F6E9A00689E6F /* Application.m in Sources */ = {isa = PBXBuildFile; fileRef = E14E1D88213E4F2C00647A29 /* Application.m */; };
		E1399751213F6EAB00689E6F /* DetailViewController.m in Sources */ = {isa = PBXBuildFile; fileRef = E14E1D8C213E4F2C00647A29 /* DetailViewController.m */; };
		E1399752213F6EC300689E6F /* applications.json in Resources */ = {isa = PBXBuildFile; fileRef = E14E1D87213E4F2C00647A29 /* applications.json */; };
		E1399753213F6ECD00689E6F /* Assets.xcassets in Resources */ = {isa = PBXBuildFile; fileRef = E14E1D8B213E4F2C00647A29 /* Assets.xcassets */; };
		E14E1D76213E4F1B00647A29 /* Palette.m in Sources */ = {isa = PBXBuildFile; fileRef = E14E1D5E213E4F1B00647A29 /* Palette.m */; };
		E14E1D77213E4F1B00647A29 /* UIColor+Hex.m in Sources */ = {isa = PBXBuildFile; fileRef = E14E1D5F213E4F1B00647A29 /* UIColor+Hex.m */; };
		E14E1D78213E4F1B00647A29 /* colors.json in Resources */ = {isa = PBXBuildFile; fileRef = E14E1D63213E4F1B00647A29 /* colors.json */; };
		E14E1D79213E4F1B00647A29 /* Color.m in Sources */ = {isa = PBXBuildFile; fileRef = E14E1D64213E4F1B00647A29 /* Color.m */; };
		E14E1D7A213E4F1B00647A29 /* Assets.xcassets in Resources */ = {isa = PBXBuildFile; fileRef = E14E1D68213E4F1B00647A29 /* Assets.xcassets */; };
		E14E1D7B213E4F1B00647A29 /* SearchViewController.m in Sources */ = {isa = PBXBuildFile; fileRef = E14E1D69213E4F1B00647A29 /* SearchViewController.m */; };
		E14E1D7C213E4F1B00647A29 /* DetailViewController.m in Sources */ = {isa = PBXBuildFile; fileRef = E14E1D6A213E4F1B00647A29 /* DetailViewController.m */; };
		E14E1D7D213E4F1B00647A29 /* LaunchScreen.storyboard in Resources */ = {isa = PBXBuildFile; fileRef = E14E1D6B213E4F1B00647A29 /* LaunchScreen.storyboard */; };
		E14E1D7E213E4F1B00647A29 /* Storyboard.storyboard in Resources */ = {isa = PBXBuildFile; fileRef = E14E1D6D213E4F1B00647A29 /* Storyboard.storyboard */; };
		E14E1D7F213E4F1B00647A29 /* main.m in Sources */ = {isa = PBXBuildFile; fileRef = E14E1D6F213E4F1B00647A29 /* main.m */; };
		E14E1D80213E4F1B00647A29 /* AppDelegate.m in Sources */ = {isa = PBXBuildFile; fileRef = E14E1D70213E4F1B00647A29 /* AppDelegate.m */; };
		E14E1D81213E4F1B00647A29 /* CollectionViewController.m in Sources */ = {isa = PBXBuildFile; fileRef = E14E1D71213E4F1B00647A29 /* CollectionViewController.m */; };
		E14E1D82213E4F1B00647A29 /* TableViewController.m in Sources */ = {isa = PBXBuildFile; fileRef = E14E1D72213E4F1B00647A29 /* TableViewController.m */; };
		E14E1D9D213E4F2C00647A29 /* applications.json in Resources */ = {isa = PBXBuildFile; fileRef = E14E1D87213E4F2C00647A29 /* applications.json */; };
		E14E1D9E213E4F2C00647A29 /* Application.m in Sources */ = {isa = PBXBuildFile; fileRef = E14E1D88213E4F2C00647A29 /* Application.m */; };
		E14E1D9F213E4F2C00647A29 /* Assets.xcassets in Resources */ = {isa = PBXBuildFile; fileRef = E14E1D8B213E4F2C00647A29 /* Assets.xcassets */; };
		E14E1DA0213E4F2C00647A29 /* DetailViewController.m in Sources */ = {isa = PBXBuildFile; fileRef = E14E1D8C213E4F2C00647A29 /* DetailViewController.m */; };
		E14E1DA1213E4F2C00647A29 /* LaunchScreen.storyboard in Resources */ = {isa = PBXBuildFile; fileRef = E14E1D8D213E4F2C00647A29 /* LaunchScreen.storyboard */; };
		E14E1DA2213E4F2C00647A29 /* Storyboard.storyboard in Resources */ = {isa = PBXBuildFile; fileRef = E14E1D8F213E4F2C00647A29 /* Storyboard.storyboard */; };
		E14E1DA3213E4F2C00647A29 /* MainViewController.m in Sources */ = {isa = PBXBuildFile; fileRef = E14E1D91213E4F2C00647A29 /* MainViewController.m */; };
		E14E1DA4213E4F2C00647A29 /* main.m in Sources */ = {isa = PBXBuildFile; fileRef = E14E1D92213E4F2C00647A29 /* main.m */; };
		E14E1DA5213E4F2C00647A29 /* UIColor+Hexadecimal.m in Sources */ = {isa = PBXBuildFile; fileRef = E14E1D93213E4F2C00647A29 /* UIColor+Hexadecimal.m */; };
		E14E1DA6213E4F2C00647A29 /* AppDelegate.m in Sources */ = {isa = PBXBuildFile; fileRef = E14E1D94213E4F2C00647A29 /* AppDelegate.m */; };
		E14E1DA7213E4F2C00647A29 /* IdealSans-Book-Pro.otf in Resources */ = {isa = PBXBuildFile; fileRef = E14E1D97213E4F2C00647A29 /* IdealSans-Book-Pro.otf */; };
		E14E1DA8213E4F2C00647A29 /* Lato-Regular.ttf in Resources */ = {isa = PBXBuildFile; fileRef = E14E1D99213E4F2C00647A29 /* Lato-Regular.ttf */; };
		E18BE440213FAB9C00D0AD21 /* FirstContainerController.m in Sources */ = {isa = PBXBuildFile; fileRef = E18BE43F213FAB9C00D0AD21 /* FirstContainerController.m */; };
		E18BE443213FABCF00D0AD21 /* SecondContainerController.m in Sources */ = {isa = PBXBuildFile; fileRef = E18BE442213FABCF00D0AD21 /* SecondContainerController.m */; };
		E1DB652E2142009D0083EDBE /* NoApplication.png in Resources */ = {isa = PBXBuildFile; fileRef = E1DB652D2142009D0083EDBE /* NoApplication.png */; };
		E1DB6530214203BF0083EDBE /* NoColor.png in Resources */ = {isa = PBXBuildFile; fileRef = E1DB652F214203BF0083EDBE /* NoColor.png */; };
		F58A3E3C1E66AEE90086E0EF /* DZNEmptyDataSet.framework in Frameworks */ = {isa = PBXBuildFile; fileRef = F58A3E321E66AEE90086E0EF /* DZNEmptyDataSet.framework */; };
		F58A3E411E66AEE90086E0EF /* ApplicationsSnapshotTests.m in Sources */ = {isa = PBXBuildFile; fileRef = F58A3E401E66AEE90086E0EF /* ApplicationsSnapshotTests.m */; };
		F58A3E431E66AEE90086E0EF /* DZNEmptyDataSet.h in Headers */ = {isa = PBXBuildFile; fileRef = F58A3E351E66AEE90086E0EF /* DZNEmptyDataSet.h */; settings = {ATTRIBUTES = (Public, ); }; };
		F58A3E4E1E66AF400086E0EF /* UIScrollView+EmptyDataSet.h in Headers */ = {isa = PBXBuildFile; fileRef = F58A3E4C1E66AF400086E0EF /* UIScrollView+EmptyDataSet.h */; settings = {ATTRIBUTES = (Public, ); }; };
		F58A3E4F1E66AF400086E0EF /* UIScrollView+EmptyDataSet.m in Sources */ = {isa = PBXBuildFile; fileRef = F58A3E4D1E66AF400086E0EF /* UIScrollView+EmptyDataSet.m */; };
/* End PBXBuildFile section */

/* Begin PBXContainerItemProxy section */
		E1075A1C216451F10037C940 /* PBXContainerItemProxy */ = {
			isa = PBXContainerItemProxy;
			containerPortal = F58A3E291E66AEE90086E0EF /* Project object */;
			proxyType = 1;
			remoteGlobalIDString = F58A3E621E66B5410086E0EF;
			remoteInfo = Applications;
		};
		E108712121644A7C0023FC5E /* PBXContainerItemProxy */ = {
			isa = PBXContainerItemProxy;
			containerPortal = F58A3E291E66AEE90086E0EF /* Project object */;
			proxyType = 1;
			remoteGlobalIDString = F58A3E311E66AEE90086E0EF;
			remoteInfo = DZNEmptyDataSet;
		};
		E108712621644A9B0023FC5E /* PBXContainerItemProxy */ = {
			isa = PBXContainerItemProxy;
			containerPortal = F58A3E291E66AEE90086E0EF /* Project object */;
			proxyType = 1;
			remoteGlobalIDString = F58A3E311E66AEE90086E0EF;
			remoteInfo = DZNEmptyDataSet;
		};
		F58A3E3D1E66AEE90086E0EF /* PBXContainerItemProxy */ = {
			isa = PBXContainerItemProxy;
			containerPortal = F58A3E291E66AEE90086E0EF /* Project object */;
			proxyType = 1;
			remoteGlobalIDString = F58A3E311E66AEE90086E0EF;
			remoteInfo = DZNEmptyDataSet;
		};
/* End PBXContainerItemProxy section */

/* Begin PBXCopyFilesBuildPhase section */
		E108712321644A7C0023FC5E /* Embed Frameworks */ = {
			isa = PBXCopyFilesBuildPhase;
			buildActionMask = 2147483647;
			dstPath = "";
			dstSubfolderSpec = 10;
			files = (
				E108712021644A7C0023FC5E /* DZNEmptyDataSet.framework in Embed Frameworks */,
			);
			name = "Embed Frameworks";
			runOnlyForDeploymentPostprocessing = 0;
		};
		E108712821644A9B0023FC5E /* Embed Frameworks */ = {
			isa = PBXCopyFilesBuildPhase;
			buildActionMask = 2147483647;
			dstPath = "";
			dstSubfolderSpec = 10;
			files = (
				E108712521644A9B0023FC5E /* DZNEmptyDataSet.framework in Embed Frameworks */,
			);
			name = "Embed Frameworks";
			runOnlyForDeploymentPostprocessing = 0;
		};
		E108712921644CBB0023FC5E /* CopyFiles */ = {
			isa = PBXCopyFilesBuildPhase;
			buildActionMask = 2147483647;
			dstPath = "";
			dstSubfolderSpec = 10;
			files = (
			);
			runOnlyForDeploymentPostprocessing = 0;
		};
/* End PBXCopyFilesBuildPhase section */

/* Begin PBXFileReference section */
		273E51E5FA96821F8F582949 /* Pods-DZNEmptyDataSetTests.release.xcconfig */ = {isa = PBXFileReference; includeInIndex = 1; lastKnownFileType = text.xcconfig; name = "Pods-DZNEmptyDataSetTests.release.xcconfig"; path = "Pods/Target Support Files/Pods-DZNEmptyDataSetTests/Pods-DZNEmptyDataSetTests.release.xcconfig"; sourceTree = "<group>"; };
		391AA672D1AC4F1C3C5186F7 /* Pods_DZNEmptyDataSetTests.framework */ = {isa = PBXFileReference; explicitFileType = wrapper.framework; includeInIndex = 0; path = Pods_DZNEmptyDataSetTests.framework; sourceTree = BUILT_PRODUCTS_DIR; };
		52A7392318BDCC558DB8399F /* Pods-DZNEmptyDataSetTests.debug.xcconfig */ = {isa = PBXFileReference; includeInIndex = 1; lastKnownFileType = text.xcconfig; name = "Pods-DZNEmptyDataSetTests.debug.xcconfig"; path = "Pods/Target Support Files/Pods-DZNEmptyDataSetTests/Pods-DZNEmptyDataSetTests.debug.xcconfig"; sourceTree = "<group>"; };
		E14E1D5E213E4F1B00647A29 /* Palette.m */ = {isa = PBXFileReference; fileEncoding = 4; lastKnownFileType = sourcecode.c.objc; path = Palette.m; sourceTree = "<group>"; };
		E14E1D5F213E4F1B00647A29 /* UIColor+Hex.m */ = {isa = PBXFileReference; fileEncoding = 4; lastKnownFileType = sourcecode.c.objc; path = "UIColor+Hex.m"; sourceTree = "<group>"; };
		E14E1D60213E4F1B00647A29 /* Color.h */ = {isa = PBXFileReference; fileEncoding = 4; lastKnownFileType = sourcecode.c.h; path = Color.h; sourceTree = "<group>"; };
		E14E1D61213E4F1B00647A29 /* Palette.h */ = {isa = PBXFileReference; fileEncoding = 4; lastKnownFileType = sourcecode.c.h; path = Palette.h; sourceTree = "<group>"; };
		E14E1D62213E4F1B00647A29 /* UIColor+Hex.h */ = {isa = PBXFileReference; fileEncoding = 4; lastKnownFileType = sourcecode.c.h; path = "UIColor+Hex.h"; sourceTree = "<group>"; };
		E14E1D63213E4F1B00647A29 /* colors.json */ = {isa = PBXFileReference; fileEncoding = 4; lastKnownFileType = text.json; path = colors.json; sourceTree = "<group>"; };
		E14E1D64213E4F1B00647A29 /* Color.m */ = {isa = PBXFileReference; fileEncoding = 4; lastKnownFileType = sourcecode.c.objc; path = Color.m; sourceTree = "<group>"; };
		E14E1D65213E4F1B00647A29 /* AppDelegate.h */ = {isa = PBXFileReference; fileEncoding = 4; lastKnownFileType = sourcecode.c.h; path = AppDelegate.h; sourceTree = "<group>"; };
		E14E1D66213E4F1B00647A29 /* TableViewController.h */ = {isa = PBXFileReference; fileEncoding = 4; lastKnownFileType = sourcecode.c.h; path = TableViewController.h; sourceTree = "<group>"; };
		E14E1D67213E4F1B00647A29 /* CollectionViewController.h */ = {isa = PBXFileReference; fileEncoding = 4; lastKnownFileType = sourcecode.c.h; path = CollectionViewController.h; sourceTree = "<group>"; };
		E14E1D68213E4F1B00647A29 /* Assets.xcassets */ = {isa = PBXFileReference; lastKnownFileType = folder.assetcatalog; path = Assets.xcassets; sourceTree = "<group>"; };
		E14E1D69213E4F1B00647A29 /* SearchViewController.m */ = {isa = PBXFileReference; fileEncoding = 4; lastKnownFileType = sourcecode.c.objc; path = SearchViewController.m; sourceTree = "<group>"; };
		E14E1D6A213E4F1B00647A29 /* DetailViewController.m */ = {isa = PBXFileReference; fileEncoding = 4; lastKnownFileType = sourcecode.c.objc; path = DetailViewController.m; sourceTree = "<group>"; };
		E14E1D6C213E4F1B00647A29 /* Base */ = {isa = PBXFileReference; lastKnownFileType = file.storyboard; name = Base; path = Base.lproj/LaunchScreen.storyboard; sourceTree = "<group>"; };
		E14E1D6E213E4F1B00647A29 /* Base */ = {isa = PBXFileReference; lastKnownFileType = file.storyboard; name = Base; path = Base.lproj/Storyboard.storyboard; sourceTree = "<group>"; };
		E14E1D6F213E4F1B00647A29 /* main.m */ = {isa = PBXFileReference; fileEncoding = 4; lastKnownFileType = sourcecode.c.objc; path = main.m; sourceTree = "<group>"; };
		E14E1D70213E4F1B00647A29 /* AppDelegate.m */ = {isa = PBXFileReference; fileEncoding = 4; lastKnownFileType = sourcecode.c.objc; path = AppDelegate.m; sourceTree = "<group>"; };
		E14E1D71213E4F1B00647A29 /* CollectionViewController.m */ = {isa = PBXFileReference; fileEncoding = 4; lastKnownFileType = sourcecode.c.objc; path = CollectionViewController.m; sourceTree = "<group>"; };
		E14E1D72213E4F1B00647A29 /* TableViewController.m */ = {isa = PBXFileReference; fileEncoding = 4; lastKnownFileType = sourcecode.c.objc; path = TableViewController.m; sourceTree = "<group>"; };
		E14E1D73213E4F1B00647A29 /* Info.plist */ = {isa = PBXFileReference; fileEncoding = 4; lastKnownFileType = text.plist.xml; path = Info.plist; sourceTree = "<group>"; };
		E14E1D74213E4F1B00647A29 /* SearchViewController.h */ = {isa = PBXFileReference; fileEncoding = 4; lastKnownFileType = sourcecode.c.h; path = SearchViewController.h; sourceTree = "<group>"; };
		E14E1D75213E4F1B00647A29 /* DetailViewController.h */ = {isa = PBXFileReference; fileEncoding = 4; lastKnownFileType = sourcecode.c.h; path = DetailViewController.h; sourceTree = "<group>"; };
		E14E1D86213E4F2C00647A29 /* Application.h */ = {isa = PBXFileReference; fileEncoding = 4; lastKnownFileType = sourcecode.c.h; path = Application.h; sourceTree = "<group>"; };
		E14E1D87213E4F2C00647A29 /* applications.json */ = {isa = PBXFileReference; fileEncoding = 4; lastKnownFileType = text.json; path = applications.json; sourceTree = "<group>"; };
		E14E1D88213E4F2C00647A29 /* Application.m */ = {isa = PBXFileReference; fileEncoding = 4; lastKnownFileType = sourcecode.c.objc; path = Application.m; sourceTree = "<group>"; };
		E14E1D89213E4F2C00647A29 /* AppDelegate.h */ = {isa = PBXFileReference; fileEncoding = 4; lastKnownFileType = sourcecode.c.h; path = AppDelegate.h; sourceTree = "<group>"; };
		E14E1D8A213E4F2C00647A29 /* UIColor+Hexadecimal.h */ = {isa = PBXFileReference; fileEncoding = 4; lastKnownFileType = sourcecode.c.h; path = "UIColor+Hexadecimal.h"; sourceTree = "<group>"; };
		E14E1D8B213E4F2C00647A29 /* Assets.xcassets */ = {isa = PBXFileReference; lastKnownFileType = folder.assetcatalog; path = Assets.xcassets; sourceTree = "<group>"; };
		E14E1D8C213E4F2C00647A29 /* DetailViewController.m */ = {isa = PBXFileReference; fileEncoding = 4; lastKnownFileType = sourcecode.c.objc; path = DetailViewController.m; sourceTree = "<group>"; };
		E14E1D8E213E4F2C00647A29 /* Base */ = {isa = PBXFileReference; lastKnownFileType = file.storyboard; name = Base; path = Base.lproj/LaunchScreen.storyboard; sourceTree = "<group>"; };
		E14E1D90213E4F2C00647A29 /* Base */ = {isa = PBXFileReference; lastKnownFileType = file.storyboard; name = Base; path = Base.lproj/Storyboard.storyboard; sourceTree = "<group>"; };
		E14E1D91213E4F2C00647A29 /* MainViewController.m */ = {isa = PBXFileReference; fileEncoding = 4; lastKnownFileType = sourcecode.c.objc; path = MainViewController.m; sourceTree = "<group>"; };
		E14E1D92213E4F2C00647A29 /* main.m */ = {isa = PBXFileReference; fileEncoding = 4; lastKnownFileType = sourcecode.c.objc; path = main.m; sourceTree = "<group>"; };
		E14E1D93213E4F2C00647A29 /* UIColor+Hexadecimal.m */ = {isa = PBXFileReference; fileEncoding = 4; lastKnownFileType = sourcecode.c.objc; path = "UIColor+Hexadecimal.m"; sourceTree = "<group>"; };
		E14E1D94213E4F2C00647A29 /* AppDelegate.m */ = {isa = PBXFileReference; fileEncoding = 4; lastKnownFileType = sourcecode.c.objc; path = AppDelegate.m; sourceTree = "<group>"; };
		E14E1D97213E4F2C00647A29 /* IdealSans-Book-Pro.otf */ = {isa = PBXFileReference; lastKnownFileType = file; path = "IdealSans-Book-Pro.otf"; sourceTree = "<group>"; };
		E14E1D99213E4F2C00647A29 /* Lato-Regular.ttf */ = {isa = PBXFileReference; lastKnownFileType = file; path = "Lato-Regular.ttf"; sourceTree = "<group>"; };
		E14E1D9A213E4F2C00647A29 /* MainViewController.h */ = {isa = PBXFileReference; fileEncoding = 4; lastKnownFileType = sourcecode.c.h; path = MainViewController.h; sourceTree = "<group>"; };
		E14E1D9B213E4F2C00647A29 /* Info.plist */ = {isa = PBXFileReference; fileEncoding = 4; lastKnownFileType = text.plist.xml; path = Info.plist; sourceTree = "<group>"; };
		E14E1D9C213E4F2C00647A29 /* DetailViewController.h */ = {isa = PBXFileReference; fileEncoding = 4; lastKnownFileType = sourcecode.c.h; path = DetailViewController.h; sourceTree = "<group>"; };
		E18BE43E213FAB9C00D0AD21 /* FirstContainerController.h */ = {isa = PBXFileReference; lastKnownFileType = sourcecode.c.h; path = FirstContainerController.h; sourceTree = "<group>"; };
		E18BE43F213FAB9C00D0AD21 /* FirstContainerController.m */ = {isa = PBXFileReference; lastKnownFileType = sourcecode.c.objc; path = FirstContainerController.m; sourceTree = "<group>"; };
		E18BE441213FABCF00D0AD21 /* SecondContainerController.h */ = {isa = PBXFileReference; lastKnownFileType = sourcecode.c.h; path = SecondContainerController.h; sourceTree = "<group>"; };
		E18BE442213FABCF00D0AD21 /* SecondContainerController.m */ = {isa = PBXFileReference; lastKnownFileType = sourcecode.c.objc; path = SecondContainerController.m; sourceTree = "<group>"; };
		E1DB652D2142009D0083EDBE /* NoApplication.png */ = {isa = PBXFileReference; lastKnownFileType = image.png; path = NoApplication.png; sourceTree = "<group>"; };
		E1DB652F214203BF0083EDBE /* NoColor.png */ = {isa = PBXFileReference; lastKnownFileType = image.png; path = NoColor.png; sourceTree = "<group>"; };
		F58A3E321E66AEE90086E0EF /* DZNEmptyDataSet.framework */ = {isa = PBXFileReference; explicitFileType = wrapper.framework; includeInIndex = 0; path = DZNEmptyDataSet.framework; sourceTree = BUILT_PRODUCTS_DIR; };
		F58A3E351E66AEE90086E0EF /* DZNEmptyDataSet.h */ = {isa = PBXFileReference; lastKnownFileType = sourcecode.c.h; path = DZNEmptyDataSet.h; sourceTree = "<group>"; };
		F58A3E361E66AEE90086E0EF /* Info.plist */ = {isa = PBXFileReference; lastKnownFileType = text.plist.xml; path = Info.plist; sourceTree = "<group>"; };
		F58A3E3B1E66AEE90086E0EF /* DZNEmptyDataSetTests.xctest */ = {isa = PBXFileReference; explicitFileType = wrapper.cfbundle; includeInIndex = 0; path = DZNEmptyDataSetTests.xctest; sourceTree = BUILT_PRODUCTS_DIR; };
		F58A3E401E66AEE90086E0EF /* ApplicationsSnapshotTests.m */ = {isa = PBXFileReference; lastKnownFileType = sourcecode.c.objc; path = ApplicationsSnapshotTests.m; sourceTree = "<group>"; };
		F58A3E421E66AEE90086E0EF /* Info.plist */ = {isa = PBXFileReference; lastKnownFileType = text.plist.xml; path = Info.plist; sourceTree = "<group>"; };
		F58A3E4C1E66AF400086E0EF /* UIScrollView+EmptyDataSet.h */ = {isa = PBXFileReference; fileEncoding = 4; lastKnownFileType = sourcecode.c.h; name = "UIScrollView+EmptyDataSet.h"; path = "../../Source/UIScrollView+EmptyDataSet.h"; sourceTree = "<group>"; };
		F58A3E4D1E66AF400086E0EF /* UIScrollView+EmptyDataSet.m */ = {isa = PBXFileReference; fileEncoding = 4; lastKnownFileType = sourcecode.c.objc; name = "UIScrollView+EmptyDataSet.m"; path = "../../Source/UIScrollView+EmptyDataSet.m"; sourceTree = "<group>"; };
		F58A3E631E66B5410086E0EF /* Applications.app */ = {isa = PBXFileReference; explicitFileType = wrapper.application; includeInIndex = 0; path = Applications.app; sourceTree = BUILT_PRODUCTS_DIR; };
		F5BE15251E713E2100F6FBEA /* Colors.app */ = {isa = PBXFileReference; explicitFileType = wrapper.application; includeInIndex = 0; path = Colors.app; sourceTree = BUILT_PRODUCTS_DIR; };
/* End PBXFileReference section */

/* Begin PBXFrameworksBuildPhase section */
		F58A3E2E1E66AEE90086E0EF /* Frameworks */ = {
			isa = PBXFrameworksBuildPhase;
			buildActionMask = 2147483647;
			files = (
			);
			runOnlyForDeploymentPostprocessing = 0;
		};
		F58A3E381E66AEE90086E0EF /* Frameworks */ = {
			isa = PBXFrameworksBuildPhase;
			buildActionMask = 2147483647;
			files = (
				F58A3E3C1E66AEE90086E0EF /* DZNEmptyDataSet.framework in Frameworks */,
				B2BC14E3498BA30F9A20FE75 /* Pods_DZNEmptyDataSetTests.framework in Frameworks */,
			);
			runOnlyForDeploymentPostprocessing = 0;
		};
		F58A3E601E66B5410086E0EF /* Frameworks */ = {
			isa = PBXFrameworksBuildPhase;
			buildActionMask = 2147483647;
			files = (
				E108711F21644A7C0023FC5E /* DZNEmptyDataSet.framework in Frameworks */,
			);
			runOnlyForDeploymentPostprocessing = 0;
		};
		F5BE15221E713E2100F6FBEA /* Frameworks */ = {
			isa = PBXFrameworksBuildPhase;
			buildActionMask = 2147483647;
			files = (
				E108712421644A9B0023FC5E /* DZNEmptyDataSet.framework in Frameworks */,
			);
			runOnlyForDeploymentPostprocessing = 0;
		};
/* End PBXFrameworksBuildPhase section */

/* Begin PBXGroup section */
		242E9BB031D3264D62C731D6 /* Pods */ = {
			isa = PBXGroup;
			children = (
				52A7392318BDCC558DB8399F /* Pods-DZNEmptyDataSetTests.debug.xcconfig */,
				273E51E5FA96821F8F582949 /* Pods-DZNEmptyDataSetTests.release.xcconfig */,
			);
			name = Pods;
			sourceTree = "<group>";
		};
		A7CC5E0B0809CA256BDA9067 /* Frameworks */ = {
			isa = PBXGroup;
			children = (
				391AA672D1AC4F1C3C5186F7 /* Pods_DZNEmptyDataSetTests.framework */,
			);
			name = Frameworks;
			sourceTree = "<group>";
		};
		E14E1D5C213E4F1B00647A29 /* Colors */ = {
			isa = PBXGroup;
			children = (
				E14E1D65213E4F1B00647A29 /* AppDelegate.h */,
				E14E1D70213E4F1B00647A29 /* AppDelegate.m */,
				E14E1D68213E4F1B00647A29 /* Assets.xcassets */,
				E14E1D67213E4F1B00647A29 /* CollectionViewController.h */,
				E14E1D71213E4F1B00647A29 /* CollectionViewController.m */,
				E14E1D5D213E4F1B00647A29 /* DataSource */,
				E14E1D75213E4F1B00647A29 /* DetailViewController.h */,
				E14E1D6A213E4F1B00647A29 /* DetailViewController.m */,
				E18BE43E213FAB9C00D0AD21 /* FirstContainerController.h */,
				E18BE43F213FAB9C00D0AD21 /* FirstContainerController.m */,
				E14E1D73213E4F1B00647A29 /* Info.plist */,
				E1DB652F214203BF0083EDBE /* NoColor.png */,
				E14E1D6B213E4F1B00647A29 /* LaunchScreen.storyboard */,
				E14E1D6F213E4F1B00647A29 /* main.m */,
				E14E1D74213E4F1B00647A29 /* SearchViewController.h */,
				E14E1D69213E4F1B00647A29 /* SearchViewController.m */,
				E18BE441213FABCF00D0AD21 /* SecondContainerController.h */,
				E18BE442213FABCF00D0AD21 /* SecondContainerController.m */,
				E14E1D6D213E4F1B00647A29 /* Storyboard.storyboard */,
				E14E1D66213E4F1B00647A29 /* TableViewController.h */,
				E14E1D72213E4F1B00647A29 /* TableViewController.m */,
			);
			path = Colors;
			sourceTree = "<group>";
		};
		E14E1D5D213E4F1B00647A29 /* DataSource */ = {
			isa = PBXGroup;
			children = (
				E14E1D60213E4F1B00647A29 /* Color.h */,
				E14E1D64213E4F1B00647A29 /* Color.m */,
				E14E1D63213E4F1B00647A29 /* colors.json */,
				E14E1D61213E4F1B00647A29 /* Palette.h */,
				E14E1D5E213E4F1B00647A29 /* Palette.m */,
				E14E1D62213E4F1B00647A29 /* UIColor+Hex.h */,
				E14E1D5F213E4F1B00647A29 /* UIColor+Hex.m */,
			);
			path = DataSource;
			sourceTree = "<group>";
		};
		E14E1D84213E4F2C00647A29 /* Applications */ = {
			isa = PBXGroup;
			children = (
				E14E1D89213E4F2C00647A29 /* AppDelegate.h */,
				E14E1D94213E4F2C00647A29 /* AppDelegate.m */,
				E14E1D8B213E4F2C00647A29 /* Assets.xcassets */,
				E14E1D85213E4F2C00647A29 /* DataSource */,
				E14E1D9C213E4F2C00647A29 /* DetailViewController.h */,
				E14E1D8C213E4F2C00647A29 /* DetailViewController.m */,
				E14E1D95213E4F2C00647A29 /* Fonts */,
				E14E1D9B213E4F2C00647A29 /* Info.plist */,
				E1DB652D2142009D0083EDBE /* NoApplication.png */,
				E14E1D8D213E4F2C00647A29 /* LaunchScreen.storyboard */,
				E14E1D92213E4F2C00647A29 /* main.m */,
				E14E1D9A213E4F2C00647A29 /* MainViewController.h */,
				E14E1D91213E4F2C00647A29 /* MainViewController.m */,
				E14E1D8F213E4F2C00647A29 /* Storyboard.storyboard */,
				E14E1D8A213E4F2C00647A29 /* UIColor+Hexadecimal.h */,
				E14E1D93213E4F2C00647A29 /* UIColor+Hexadecimal.m */,
			);
			path = Applications;
			sourceTree = "<group>";
		};
		E14E1D85213E4F2C00647A29 /* DataSource */ = {
			isa = PBXGroup;
			children = (
				E14E1D86213E4F2C00647A29 /* Application.h */,
				E14E1D88213E4F2C00647A29 /* Application.m */,
				E14E1D87213E4F2C00647A29 /* applications.json */,
			);
			path = DataSource;
			sourceTree = "<group>";
		};
		E14E1D95213E4F2C00647A29 /* Fonts */ = {
			isa = PBXGroup;
			children = (
				E14E1D96213E4F2C00647A29 /* Ideal Sans */,
				E14E1D98213E4F2C00647A29 /* Lato */,
			);
			path = Fonts;
			sourceTree = "<group>";
		};
		E14E1D96213E4F2C00647A29 /* Ideal Sans */ = {
			isa = PBXGroup;
			children = (
				E14E1D97213E4F2C00647A29 /* IdealSans-Book-Pro.otf */,
			);
			path = "Ideal Sans";
			sourceTree = "<group>";
		};
		E14E1D98213E4F2C00647A29 /* Lato */ = {
			isa = PBXGroup;
			children = (
				E14E1D99213E4F2C00647A29 /* Lato-Regular.ttf */,
			);
			path = Lato;
			sourceTree = "<group>";
		};
		F58A3E281E66AEE90086E0EF = {
			isa = PBXGroup;
			children = (
				E14E1D84213E4F2C00647A29 /* Applications */,
				E14E1D5C213E4F1B00647A29 /* Colors */,
				F58A3E341E66AEE90086E0EF /* DZNEmptyDataSet */,
				F58A3E3F1E66AEE90086E0EF /* DZNEmptyDataSetTests */,
				F58A3E331E66AEE90086E0EF /* Products */,
				242E9BB031D3264D62C731D6 /* Pods */,
				A7CC5E0B0809CA256BDA9067 /* Frameworks */,
			);
			sourceTree = "<group>";
		};
		F58A3E331E66AEE90086E0EF /* Products */ = {
			isa = PBXGroup;
			children = (
				F58A3E321E66AEE90086E0EF /* DZNEmptyDataSet.framework */,
				F58A3E3B1E66AEE90086E0EF /* DZNEmptyDataSetTests.xctest */,
				F58A3E631E66B5410086E0EF /* Applications.app */,
				F5BE15251E713E2100F6FBEA /* Colors.app */,
			);
			name = Products;
			sourceTree = "<group>";
		};
		F58A3E341E66AEE90086E0EF /* DZNEmptyDataSet */ = {
			isa = PBXGroup;
			children = (
				F58A3E351E66AEE90086E0EF /* DZNEmptyDataSet.h */,
				F58A3E4C1E66AF400086E0EF /* UIScrollView+EmptyDataSet.h */,
				F58A3E4D1E66AF400086E0EF /* UIScrollView+EmptyDataSet.m */,
				F58A3E361E66AEE90086E0EF /* Info.plist */,
			);
			path = DZNEmptyDataSet;
			sourceTree = "<group>";
		};
		F58A3E3F1E66AEE90086E0EF /* DZNEmptyDataSetTests */ = {
			isa = PBXGroup;
			children = (
				F58A3E401E66AEE90086E0EF /* ApplicationsSnapshotTests.m */,
				F58A3E421E66AEE90086E0EF /* Info.plist */,
			);
			path = DZNEmptyDataSetTests;
			sourceTree = "<group>";
		};
/* End PBXGroup section */

/* Begin PBXHeadersBuildPhase section */
		F58A3E2F1E66AEE90086E0EF /* Headers */ = {
			isa = PBXHeadersBuildPhase;
			buildActionMask = 2147483647;
			files = (
				F58A3E431E66AEE90086E0EF /* DZNEmptyDataSet.h in Headers */,
				F58A3E4E1E66AF400086E0EF /* UIScrollView+EmptyDataSet.h in Headers */,
			);
			runOnlyForDeploymentPostprocessing = 0;
		};
/* End PBXHeadersBuildPhase section */

/* Begin PBXNativeTarget section */
		F58A3E311E66AEE90086E0EF /* DZNEmptyDataSet */ = {
			isa = PBXNativeTarget;
			buildConfigurationList = F58A3E461E66AEE90086E0EF /* Build configuration list for PBXNativeTarget "DZNEmptyDataSet" */;
			buildPhases = (
				F58A3E2D1E66AEE90086E0EF /* Sources */,
				F58A3E2E1E66AEE90086E0EF /* Frameworks */,
				F58A3E2F1E66AEE90086E0EF /* Headers */,
				F58A3E301E66AEE90086E0EF /* Resources */,
			);
			buildRules = (
			);
			dependencies = (
			);
			name = DZNEmptyDataSet;
			productName = DZNEmptyDataSet;
			productReference = F58A3E321E66AEE90086E0EF /* DZNEmptyDataSet.framework */;
			productType = "com.apple.product-type.framework";
		};
		F58A3E3A1E66AEE90086E0EF /* DZNEmptyDataSetTests */ = {
			isa = PBXNativeTarget;
			buildConfigurationList = F58A3E491E66AEE90086E0EF /* Build configuration list for PBXNativeTarget "DZNEmptyDataSetTests" */;
			buildPhases = (
				AE2D0BE97215D73842A372FD /* [CP] Check Pods Manifest.lock */,
				F58A3E371E66AEE90086E0EF /* Sources */,
				F58A3E381E66AEE90086E0EF /* Frameworks */,
				F58A3E391E66AEE90086E0EF /* Resources */,
				41E8FAF2556733821B42B61F /* [CP] Embed Pods Frameworks */,
				C99FFA9F6DFE074B412088E9 /* [CP] Copy Pods Resources */,
				E108712921644CBB0023FC5E /* CopyFiles */,
			);
			buildRules = (
			);
			dependencies = (
				E1075A1D216451F10037C940 /* PBXTargetDependency */,
				F58A3E3E1E66AEE90086E0EF /* PBXTargetDependency */,
			);
			name = DZNEmptyDataSetTests;
			productName = DZNEmptyDataSetTests;
			productReference = F58A3E3B1E66AEE90086E0EF /* DZNEmptyDataSetTests.xctest */;
			productType = "com.apple.product-type.bundle.unit-test";
		};
		F58A3E621E66B5410086E0EF /* Applications */ = {
			isa = PBXNativeTarget;
			buildConfigurationList = F58A3E791E66B5410086E0EF /* Build configuration list for PBXNativeTarget "Applications" */;
			buildPhases = (
				F58A3E5F1E66B5410086E0EF /* Sources */,
				F58A3E601E66B5410086E0EF /* Frameworks */,
				F58A3E611E66B5410086E0EF /* Resources */,
				E108712321644A7C0023FC5E /* Embed Frameworks */,
			);
			buildRules = (
			);
			dependencies = (
				E108712221644A7C0023FC5E /* PBXTargetDependency */,
			);
			name = Applications;
			productName = Applications;
			productReference = F58A3E631E66B5410086E0EF /* Applications.app */;
			productType = "com.apple.product-type.application";
		};
		F5BE15241E713E2100F6FBEA /* Colors */ = {
			isa = PBXNativeTarget;
			buildConfigurationList = F5BE15391E713E2100F6FBEA /* Build configuration list for PBXNativeTarget "Colors" */;
			buildPhases = (
				F5BE15211E713E2100F6FBEA /* Sources */,
				F5BE15221E713E2100F6FBEA /* Frameworks */,
				F5BE15231E713E2100F6FBEA /* Resources */,
				E108712821644A9B0023FC5E /* Embed Frameworks */,
			);
			buildRules = (
			);
			dependencies = (
				E108712721644A9B0023FC5E /* PBXTargetDependency */,
			);
			name = Colors;
			productName = Colors;
			productReference = F5BE15251E713E2100F6FBEA /* Colors.app */;
			productType = "com.apple.product-type.application";
		};
/* End PBXNativeTarget section */

/* Begin PBXProject section */
		F58A3E291E66AEE90086E0EF /* Project object */ = {
			isa = PBXProject;
			attributes = {
				LastUpgradeCheck = 0940;
				ORGANIZATIONNAME = DZN;
				TargetAttributes = {
					F58A3E311E66AEE90086E0EF = {
						CreatedOnToolsVersion = 8.2.1;
						ProvisioningStyle = Automatic;
					};
					F58A3E3A1E66AEE90086E0EF = {
						CreatedOnToolsVersion = 8.2.1;
						ProvisioningStyle = Automatic;
					};
					F58A3E621E66B5410086E0EF = {
						CreatedOnToolsVersion = 8.2.1;
						ProvisioningStyle = Automatic;
					};
					F5BE15241E713E2100F6FBEA = {
						CreatedOnToolsVersion = 8.2.1;
						ProvisioningStyle = Automatic;
					};
				};
			};
			buildConfigurationList = F58A3E2C1E66AEE90086E0EF /* Build configuration list for PBXProject "DZNEmptyDataSet" */;
			compatibilityVersion = "Xcode 3.2";
			developmentRegion = English;
			hasScannedForEncodings = 0;
			knownRegions = (
				en,
				Base,
			);
			mainGroup = F58A3E281E66AEE90086E0EF;
			productRefGroup = F58A3E331E66AEE90086E0EF /* Products */;
			projectDirPath = "";
			projectRoot = "";
			targets = (
				F58A3E311E66AEE90086E0EF /* DZNEmptyDataSet */,
				F58A3E3A1E66AEE90086E0EF /* DZNEmptyDataSetTests */,
				F58A3E621E66B5410086E0EF /* Applications */,
				F5BE15241E713E2100F6FBEA /* Colors */,
			);
		};
/* End PBXProject section */

/* Begin PBXResourcesBuildPhase section */
		F58A3E301E66AEE90086E0EF /* Resources */ = {
			isa = PBXResourcesBuildPhase;
			buildActionMask = 2147483647;
			files = (
			);
			runOnlyForDeploymentPostprocessing = 0;
		};
		F58A3E391E66AEE90086E0EF /* Resources */ = {
			isa = PBXResourcesBuildPhase;
			buildActionMask = 2147483647;
			files = (
				E1399753213F6ECD00689E6F /* Assets.xcassets in Resources */,
				E1399752213F6EC300689E6F /* applications.json in Resources */,
			);
			runOnlyForDeploymentPostprocessing = 0;
		};
		F58A3E611E66B5410086E0EF /* Resources */ = {
			isa = PBXResourcesBuildPhase;
			buildActionMask = 2147483647;
			files = (
				E14E1DA1213E4F2C00647A29 /* LaunchScreen.storyboard in Resources */,
				E14E1DA8213E4F2C00647A29 /* Lato-Regular.ttf in Resources */,
				E14E1DA2213E4F2C00647A29 /* Storyboard.storyboard in Resources */,
				E1DB652E2142009D0083EDBE /* NoApplication.png in Resources */,
				E14E1D9F213E4F2C00647A29 /* Assets.xcassets in Resources */,
				E14E1DA7213E4F2C00647A29 /* IdealSans-Book-Pro.otf in Resources */,
				E14E1D9D213E4F2C00647A29 /* applications.json in Resources */,
			);
			runOnlyForDeploymentPostprocessing = 0;
		};
		F5BE15231E713E2100F6FBEA /* Resources */ = {
			isa = PBXResourcesBuildPhase;
			buildActionMask = 2147483647;
			files = (
				E14E1D7D213E4F1B00647A29 /* LaunchScreen.storyboard in Resources */,
				E1DB6530214203BF0083EDBE /* NoColor.png in Resources */,
				E14E1D7E213E4F1B00647A29 /* Storyboard.storyboard in Resources */,
				E14E1D7A213E4F1B00647A29 /* Assets.xcassets in Resources */,
				E14E1D78213E4F1B00647A29 /* colors.json in Resources */,
			);
			runOnlyForDeploymentPostprocessing = 0;
		};
/* End PBXResourcesBuildPhase section */

/* Begin PBXShellScriptBuildPhase section */
		41E8FAF2556733821B42B61F /* [CP] Embed Pods Frameworks */ = {
			isa = PBXShellScriptBuildPhase;
			buildActionMask = 2147483647;
			files = (
			);
			inputPaths = (
			);
			name = "[CP] Embed Pods Frameworks";
			outputPaths = (
			);
			runOnlyForDeploymentPostprocessing = 0;
			shellPath = /bin/sh;
			shellScript = "\"${SRCROOT}/Pods/Target Support Files/Pods-DZNEmptyDataSetTests/Pods-DZNEmptyDataSetTests-frameworks.sh\"\n";
			showEnvVarsInLog = 0;
		};
		AE2D0BE97215D73842A372FD /* [CP] Check Pods Manifest.lock */ = {
			isa = PBXShellScriptBuildPhase;
			buildActionMask = 2147483647;
			files = (
			);
			inputPaths = (
			);
			name = "[CP] Check Pods Manifest.lock";
			outputPaths = (
			);
			runOnlyForDeploymentPostprocessing = 0;
			shellPath = /bin/sh;
			shellScript = "diff \"${PODS_ROOT}/../Podfile.lock\" \"${PODS_ROOT}/Manifest.lock\" > /dev/null\nif [ $? != 0 ] ; then\n    # print error to STDERR\n    echo \"error: The sandbox is not in sync with the Podfile.lock. Run 'pod install' or update your CocoaPods installation.\" >&2\n    exit 1\nfi\n";
			showEnvVarsInLog = 0;
		};
		C99FFA9F6DFE074B412088E9 /* [CP] Copy Pods Resources */ = {
			isa = PBXShellScriptBuildPhase;
			buildActionMask = 2147483647;
			files = (
			);
			inputPaths = (
			);
			name = "[CP] Copy Pods Resources";
			outputPaths = (
			);
			runOnlyForDeploymentPostprocessing = 0;
			shellPath = /bin/sh;
			shellScript = "\"${SRCROOT}/Pods/Target Support Files/Pods-DZNEmptyDataSetTests/Pods-DZNEmptyDataSetTests-resources.sh\"\n";
			showEnvVarsInLog = 0;
		};
/* End PBXShellScriptBuildPhase section */

/* Begin PBXSourcesBuildPhase section */
		F58A3E2D1E66AEE90086E0EF /* Sources */ = {
			isa = PBXSourcesBuildPhase;
			buildActionMask = 2147483647;
			files = (
				F58A3E4F1E66AF400086E0EF /* UIScrollView+EmptyDataSet.m in Sources */,
			);
			runOnlyForDeploymentPostprocessing = 0;
		};
		F58A3E371E66AEE90086E0EF /* Sources */ = {
			isa = PBXSourcesBuildPhase;
			buildActionMask = 2147483647;
			files = (
				E1399751213F6EAB00689E6F /* DetailViewController.m in Sources */,
				E1399750213F6E9A00689E6F /* Application.m in Sources */,
				E139974F213F6E8A00689E6F /* UIColor+Hexadecimal.m in Sources */,
				F58A3E411E66AEE90086E0EF /* ApplicationsSnapshotTests.m in Sources */,
			);
			runOnlyForDeploymentPostprocessing = 0;
		};
		F58A3E5F1E66B5410086E0EF /* Sources */ = {
			isa = PBXSourcesBuildPhase;
			buildActionMask = 2147483647;
			files = (
				E14E1D9E213E4F2C00647A29 /* Application.m in Sources */,
				E14E1DA3213E4F2C00647A29 /* MainViewController.m in Sources */,
				E14E1DA6213E4F2C00647A29 /* AppDelegate.m in Sources */,
				E14E1DA5213E4F2C00647A29 /* UIColor+Hexadecimal.m in Sources */,
				E14E1DA4213E4F2C00647A29 /* main.m in Sources */,
				E14E1DA0213E4F2C00647A29 /* DetailViewController.m in Sources */,
			);
			runOnlyForDeploymentPostprocessing = 0;
		};
		F5BE15211E713E2100F6FBEA /* Sources */ = {
			isa = PBXSourcesBuildPhase;
			buildActionMask = 2147483647;
			files = (
				E14E1D81213E4F1B00647A29 /* CollectionViewController.m in Sources */,
				E14E1D7C213E4F1B00647A29 /* DetailViewController.m in Sources */,
				E14E1D79213E4F1B00647A29 /* Color.m in Sources */,
				E14E1D76213E4F1B00647A29 /* Palette.m in Sources */,
				E18BE440213FAB9C00D0AD21 /* FirstContainerController.m in Sources */,
				E14E1D82213E4F1B00647A29 /* TableViewController.m in Sources */,
				E14E1D7B213E4F1B00647A29 /* SearchViewController.m in Sources */,
				E14E1D7F213E4F1B00647A29 /* main.m in Sources */,
				E18BE443213FABCF00D0AD21 /* SecondContainerController.m in Sources */,
				E14E1D77213E4F1B00647A29 /* UIColor+Hex.m in Sources */,
				E14E1D80213E4F1B00647A29 /* AppDelegate.m in Sources */,
			);
			runOnlyForDeploymentPostprocessing = 0;
		};
/* End PBXSourcesBuildPhase section */

/* Begin PBXTargetDependency section */
		E1075A1D216451F10037C940 /* PBXTargetDependency */ = {
			isa = PBXTargetDependency;
			target = F58A3E621E66B5410086E0EF /* Applications */;
			targetProxy = E1075A1C216451F10037C940 /* PBXContainerItemProxy */;
		};
		E108712221644A7C0023FC5E /* PBXTargetDependency */ = {
			isa = PBXTargetDependency;
			target = F58A3E311E66AEE90086E0EF /* DZNEmptyDataSet */;
			targetProxy = E108712121644A7C0023FC5E /* PBXContainerItemProxy */;
		};
		E108712721644A9B0023FC5E /* PBXTargetDependency */ = {
			isa = PBXTargetDependency;
			target = F58A3E311E66AEE90086E0EF /* DZNEmptyDataSet */;
			targetProxy = E108712621644A9B0023FC5E /* PBXContainerItemProxy */;
		};
		F58A3E3E1E66AEE90086E0EF /* PBXTargetDependency */ = {
			isa = PBXTargetDependency;
			target = F58A3E311E66AEE90086E0EF /* DZNEmptyDataSet */;
			targetProxy = F58A3E3D1E66AEE90086E0EF /* PBXContainerItemProxy */;
		};
/* End PBXTargetDependency section */

/* Begin PBXVariantGroup section */
		E14E1D6B213E4F1B00647A29 /* LaunchScreen.storyboard */ = {
			isa = PBXVariantGroup;
			children = (
				E14E1D6C213E4F1B00647A29 /* Base */,
			);
			name = LaunchScreen.storyboard;
			sourceTree = "<group>";
		};
		E14E1D6D213E4F1B00647A29 /* Storyboard.storyboard */ = {
			isa = PBXVariantGroup;
			children = (
				E14E1D6E213E4F1B00647A29 /* Base */,
			);
			name = Storyboard.storyboard;
			sourceTree = "<group>";
		};
		E14E1D8D213E4F2C00647A29 /* LaunchScreen.storyboard */ = {
			isa = PBXVariantGroup;
			children = (
				E14E1D8E213E4F2C00647A29 /* Base */,
			);
			name = LaunchScreen.storyboard;
			sourceTree = "<group>";
		};
		E14E1D8F213E4F2C00647A29 /* Storyboard.storyboard */ = {
			isa = PBXVariantGroup;
			children = (
				E14E1D90213E4F2C00647A29 /* Base */,
			);
			name = Storyboard.storyboard;
			sourceTree = "<group>";
		};
/* End PBXVariantGroup section */

/* Begin XCBuildConfiguration section */
		F58A3E441E66AEE90086E0EF /* Debug */ = {
			isa = XCBuildConfiguration;
			buildSettings = {
				ALWAYS_SEARCH_USER_PATHS = NO;
				CLANG_ANALYZER_NONNULL = YES;
				CLANG_CXX_LANGUAGE_STANDARD = "gnu++0x";
				CLANG_CXX_LIBRARY = "libc++";
				CLANG_ENABLE_MODULES = YES;
				CLANG_ENABLE_OBJC_ARC = YES;
				CLANG_WARN_BLOCK_CAPTURE_AUTORELEASING = YES;
				CLANG_WARN_BOOL_CONVERSION = YES;
				CLANG_WARN_COMMA = YES;
				CLANG_WARN_CONSTANT_CONVERSION = YES;
				CLANG_WARN_DEPRECATED_OBJC_IMPLEMENTATIONS = YES;
				CLANG_WARN_DIRECT_OBJC_ISA_USAGE = YES_ERROR;
				CLANG_WARN_DOCUMENTATION_COMMENTS = YES;
				CLANG_WARN_EMPTY_BODY = YES;
				CLANG_WARN_ENUM_CONVERSION = YES;
				CLANG_WARN_INFINITE_RECURSION = YES;
				CLANG_WARN_INT_CONVERSION = YES;
				CLANG_WARN_NON_LITERAL_NULL_CONVERSION = YES;
				CLANG_WARN_OBJC_IMPLICIT_RETAIN_SELF = YES;
				CLANG_WARN_OBJC_LITERAL_CONVERSION = YES;
				CLANG_WARN_OBJC_ROOT_CLASS = YES_ERROR;
				CLANG_WARN_RANGE_LOOP_ANALYSIS = YES;
				CLANG_WARN_STRICT_PROTOTYPES = YES;
				CLANG_WARN_SUSPICIOUS_MOVE = YES;
				CLANG_WARN_UNREACHABLE_CODE = YES;
				CLANG_WARN__DUPLICATE_METHOD_MATCH = YES;
				"CODE_SIGN_IDENTITY[sdk=iphoneos*]" = "iPhone Developer";
				COPY_PHASE_STRIP = NO;
				CURRENT_PROJECT_VERSION = 1;
				DEBUG_INFORMATION_FORMAT = dwarf;
				ENABLE_STRICT_OBJC_MSGSEND = YES;
				ENABLE_TESTABILITY = YES;
				GCC_C_LANGUAGE_STANDARD = gnu99;
				GCC_DYNAMIC_NO_PIC = NO;
				GCC_NO_COMMON_BLOCKS = YES;
				GCC_OPTIMIZATION_LEVEL = 0;
				GCC_PREPROCESSOR_DEFINITIONS = (
					"DEBUG=1",
					"$(inherited)",
				);
				GCC_WARN_64_TO_32_BIT_CONVERSION = YES;
				GCC_WARN_ABOUT_RETURN_TYPE = YES_ERROR;
				GCC_WARN_UNDECLARED_SELECTOR = YES;
				GCC_WARN_UNINITIALIZED_AUTOS = YES_AGGRESSIVE;
				GCC_WARN_UNUSED_FUNCTION = YES;
				GCC_WARN_UNUSED_VARIABLE = YES;
				IPHONEOS_DEPLOYMENT_TARGET = 9.0;
				MTL_ENABLE_DEBUG_INFO = YES;
				ONLY_ACTIVE_ARCH = YES;
				SDKROOT = iphoneos;
				TARGETED_DEVICE_FAMILY = "1,2";
				VERSIONING_SYSTEM = "apple-generic";
				VERSION_INFO_PREFIX = "";
			};
			name = Debug;
		};
		F58A3E451E66AEE90086E0EF /* Release */ = {
			isa = XCBuildConfiguration;
			buildSettings = {
				ALWAYS_SEARCH_USER_PATHS = NO;
				CLANG_ANALYZER_NONNULL = YES;
				CLANG_CXX_LANGUAGE_STANDARD = "gnu++0x";
				CLANG_CXX_LIBRARY = "libc++";
				CLANG_ENABLE_MODULES = YES;
				CLANG_ENABLE_OBJC_ARC = YES;
				CLANG_WARN_BLOCK_CAPTURE_AUTORELEASING = YES;
				CLANG_WARN_BOOL_CONVERSION = YES;
				CLANG_WARN_COMMA = YES;
				CLANG_WARN_CONSTANT_CONVERSION = YES;
				CLANG_WARN_DEPRECATED_OBJC_IMPLEMENTATIONS = YES;
				CLANG_WARN_DIRECT_OBJC_ISA_USAGE = YES_ERROR;
				CLANG_WARN_DOCUMENTATION_COMMENTS = YES;
				CLANG_WARN_EMPTY_BODY = YES;
				CLANG_WARN_ENUM_CONVERSION = YES;
				CLANG_WARN_INFINITE_RECURSION = YES;
				CLANG_WARN_INT_CONVERSION = YES;
				CLANG_WARN_NON_LITERAL_NULL_CONVERSION = YES;
				CLANG_WARN_OBJC_IMPLICIT_RETAIN_SELF = YES;
				CLANG_WARN_OBJC_LITERAL_CONVERSION = YES;
				CLANG_WARN_OBJC_ROOT_CLASS = YES_ERROR;
				CLANG_WARN_RANGE_LOOP_ANALYSIS = YES;
				CLANG_WARN_STRICT_PROTOTYPES = YES;
				CLANG_WARN_SUSPICIOUS_MOVE = YES;
				CLANG_WARN_UNREACHABLE_CODE = YES;
				CLANG_WARN__DUPLICATE_METHOD_MATCH = YES;
				"CODE_SIGN_IDENTITY[sdk=iphoneos*]" = "iPhone Developer";
				COPY_PHASE_STRIP = NO;
				CURRENT_PROJECT_VERSION = 1;
				DEBUG_INFORMATION_FORMAT = "dwarf-with-dsym";
				ENABLE_NS_ASSERTIONS = NO;
				ENABLE_STRICT_OBJC_MSGSEND = YES;
				GCC_C_LANGUAGE_STANDARD = gnu99;
				GCC_NO_COMMON_BLOCKS = YES;
				GCC_WARN_64_TO_32_BIT_CONVERSION = YES;
				GCC_WARN_ABOUT_RETURN_TYPE = YES_ERROR;
				GCC_WARN_UNDECLARED_SELECTOR = YES;
				GCC_WARN_UNINITIALIZED_AUTOS = YES_AGGRESSIVE;
				GCC_WARN_UNUSED_FUNCTION = YES;
				GCC_WARN_UNUSED_VARIABLE = YES;
				IPHONEOS_DEPLOYMENT_TARGET = 9.0;
				MTL_ENABLE_DEBUG_INFO = NO;
				SDKROOT = iphoneos;
				TARGETED_DEVICE_FAMILY = "1,2";
				VALIDATE_PRODUCT = YES;
				VERSIONING_SYSTEM = "apple-generic";
				VERSION_INFO_PREFIX = "";
			};
			name = Release;
		};
		F58A3E471E66AEE90086E0EF /* Debug */ = {
			isa = XCBuildConfiguration;
			buildSettings = {
				CODE_SIGN_IDENTITY = "iPhone Developer";
				CODE_SIGN_STYLE = Automatic;
				DEFINES_MODULE = YES;
				DYLIB_COMPATIBILITY_VERSION = 1;
				DYLIB_CURRENT_VERSION = 1;
				DYLIB_INSTALL_NAME_BASE = "@rpath";
				INFOPLIST_FILE = DZNEmptyDataSet/Info.plist;
				INSTALL_PATH = "$(LOCAL_LIBRARY_DIR)/Frameworks";
				LD_RUNPATH_SEARCH_PATHS = "$(inherited) @executable_path/Frameworks @loader_path/Frameworks";
				PRODUCT_BUNDLE_IDENTIFIER = com.dzn.DZNEmptyDataSet;
				PRODUCT_NAME = "$(TARGET_NAME)";
				PROVISIONING_PROFILE_SPECIFIER = "";
				SKIP_INSTALL = YES;
			};
			name = Debug;
		};
		F58A3E481E66AEE90086E0EF /* Release */ = {
			isa = XCBuildConfiguration;
			buildSettings = {
				CODE_SIGN_IDENTITY = "iPhone Developer";
				CODE_SIGN_STYLE = Automatic;
				DEFINES_MODULE = YES;
				DYLIB_COMPATIBILITY_VERSION = 1;
				DYLIB_CURRENT_VERSION = 1;
				DYLIB_INSTALL_NAME_BASE = "@rpath";
				INFOPLIST_FILE = DZNEmptyDataSet/Info.plist;
				INSTALL_PATH = "$(LOCAL_LIBRARY_DIR)/Frameworks";
				LD_RUNPATH_SEARCH_PATHS = "$(inherited) @executable_path/Frameworks @loader_path/Frameworks";
				PRODUCT_BUNDLE_IDENTIFIER = com.dzn.DZNEmptyDataSet;
				PRODUCT_NAME = "$(TARGET_NAME)";
				PROVISIONING_PROFILE_SPECIFIER = "";
				SKIP_INSTALL = YES;
			};
			name = Release;
		};
		F58A3E4A1E66AEE90086E0EF /* Debug */ = {
			isa = XCBuildConfiguration;
			baseConfigurationReference = 52A7392318BDCC558DB8399F /* Pods-DZNEmptyDataSetTests.debug.xcconfig */;
			buildSettings = {
				ALWAYS_EMBED_SWIFT_STANDARD_LIBRARIES = YES;
				CODE_SIGN_IDENTITY = "iPhone Developer";
				CODE_SIGN_STYLE = Automatic;
				DEVELOPMENT_TEAM = "";
				INFOPLIST_FILE = DZNEmptyDataSetTests/Info.plist;
				LD_RUNPATH_SEARCH_PATHS = "$(inherited) @executable_path/Frameworks @loader_path/Frameworks /Applications/Xcode.app/Contents/Developer/Toolchains/XcodeDefault.xctoolchain/usr/lib/swift/iphonesimulator";
				PRODUCT_BUNDLE_IDENTIFIER = com.dzn.DZNEmptyDataSetTests;
				PRODUCT_NAME = "$(TARGET_NAME)";
				PROVISIONING_PROFILE_SPECIFIER = "";
			};
			name = Debug;
		};
		F58A3E4B1E66AEE90086E0EF /* Release */ = {
			isa = XCBuildConfiguration;
			baseConfigurationReference = 273E51E5FA96821F8F582949 /* Pods-DZNEmptyDataSetTests.release.xcconfig */;
			buildSettings = {
				ALWAYS_EMBED_SWIFT_STANDARD_LIBRARIES = YES;
				CODE_SIGN_IDENTITY = "iPhone Developer";
				CODE_SIGN_STYLE = Automatic;
				DEVELOPMENT_TEAM = "";
				INFOPLIST_FILE = DZNEmptyDataSetTests/Info.plist;
				LD_RUNPATH_SEARCH_PATHS = "$(inherited) @executable_path/Frameworks @loader_path/Frameworks /Applications/Xcode.app/Contents/Developer/Toolchains/XcodeDefault.xctoolchain/usr/lib/swift/iphonesimulator";
				PRODUCT_BUNDLE_IDENTIFIER = com.dzn.DZNEmptyDataSetTests;
				PRODUCT_NAME = "$(TARGET_NAME)";
				PROVISIONING_PROFILE_SPECIFIER = "";
			};
			name = Release;
		};
		F58A3E771E66B5410086E0EF /* Debug */ = {
			isa = XCBuildConfiguration;
			buildSettings = {
				ASSETCATALOG_COMPILER_APPICON_NAME = AppIcon;
				CODE_SIGN_IDENTITY = "iPhone Developer";
				CODE_SIGN_STYLE = Automatic;
				DEVELOPMENT_TEAM = "";
				INFOPLIST_FILE = "$(SRCROOT)/Applications/Info.plist";
				IPHONEOS_DEPLOYMENT_TARGET = 9.0;
				LD_RUNPATH_SEARCH_PATHS = "$(inherited) @executable_path/Frameworks";
				PRODUCT_BUNDLE_IDENTIFIER = com.dzn.Applications;
				PRODUCT_NAME = "$(TARGET_NAME)";
				PROVISIONING_PROFILE_SPECIFIER = "";
			};
			name = Debug;
		};
		F58A3E781E66B5410086E0EF /* Release */ = {
			isa = XCBuildConfiguration;
			buildSettings = {
				ASSETCATALOG_COMPILER_APPICON_NAME = AppIcon;
				CODE_SIGN_IDENTITY = "iPhone Developer";
				CODE_SIGN_STYLE = Automatic;
				DEVELOPMENT_TEAM = "";
				INFOPLIST_FILE = "$(SRCROOT)/Applications/Info.plist";
				IPHONEOS_DEPLOYMENT_TARGET = 9.0;
				LD_RUNPATH_SEARCH_PATHS = "$(inherited) @executable_path/Frameworks";
				PRODUCT_BUNDLE_IDENTIFIER = com.dzn.Applications;
				PRODUCT_NAME = "$(TARGET_NAME)";
				PROVISIONING_PROFILE_SPECIFIER = "";
			};
			name = Release;
		};
		F5BE153A1E713E2100F6FBEA /* Debug */ = {
			isa = XCBuildConfiguration;
			buildSettings = {
				ASSETCATALOG_COMPILER_APPICON_NAME = AppIcon;
				CODE_SIGN_IDENTITY = "iPhone Developer";
				INFOPLIST_FILE = Colors/Info.plist;
				IPHONEOS_DEPLOYMENT_TARGET = 9.0;
				LD_RUNPATH_SEARCH_PATHS = "$(inherited) @executable_path/Frameworks";
				PRODUCT_BUNDLE_IDENTIFIER = com.dzn.Colors;
				PRODUCT_NAME = "$(TARGET_NAME)";
			};
			name = Debug;
		};
		F5BE153B1E713E2100F6FBEA /* Release */ = {
			isa = XCBuildConfiguration;
			buildSettings = {
				ASSETCATALOG_COMPILER_APPICON_NAME = AppIcon;
				CODE_SIGN_IDENTITY = "iPhone Developer";
				INFOPLIST_FILE = Colors/Info.plist;
				IPHONEOS_DEPLOYMENT_TARGET = 9.0;
				LD_RUNPATH_SEARCH_PATHS = "$(inherited) @executable_path/Frameworks";
				PRODUCT_BUNDLE_IDENTIFIER = com.dzn.Colors;
				PRODUCT_NAME = "$(TARGET_NAME)";
			};
			name = Release;
		};
/* End XCBuildConfiguration section */

/* Begin XCConfigurationList section */
		F58A3E2C1E66AEE90086E0EF /* Build configuration list for PBXProject "DZNEmptyDataSet" */ = {
			isa = XCConfigurationList;
			buildConfigurations = (
				F58A3E441E66AEE90086E0EF /* Debug */,
				F58A3E451E66AEE90086E0EF /* Release */,
			);
			defaultConfigurationIsVisible = 0;
			defaultConfigurationName = Release;
		};
		F58A3E461E66AEE90086E0EF /* Build configuration list for PBXNativeTarget "DZNEmptyDataSet" */ = {
			isa = XCConfigurationList;
			buildConfigurations = (
				F58A3E471E66AEE90086E0EF /* Debug */,
				F58A3E481E66AEE90086E0EF /* Release */,
			);
			defaultConfigurationIsVisible = 0;
			defaultConfigurationName = Release;
		};
		F58A3E491E66AEE90086E0EF /* Build configuration list for PBXNativeTarget "DZNEmptyDataSetTests" */ = {
			isa = XCConfigurationList;
			buildConfigurations = (
				F58A3E4A1E66AEE90086E0EF /* Debug */,
				F58A3E4B1E66AEE90086E0EF /* Release */,
			);
			defaultConfigurationIsVisible = 0;
			defaultConfigurationName = Release;
		};
		F58A3E791E66B5410086E0EF /* Build configuration list for PBXNativeTarget "Applications" */ = {
			isa = XCConfigurationList;
			buildConfigurations = (
				F58A3E771E66B5410086E0EF /* Debug */,
				F58A3E781E66B5410086E0EF /* Release */,
			);
			defaultConfigurationIsVisible = 0;
			defaultConfigurationName = Release;
		};
		F5BE15391E713E2100F6FBEA /* Build configuration list for PBXNativeTarget "Colors" */ = {
			isa = XCConfigurationList;
			buildConfigurations = (
				F5BE153A1E713E2100F6FBEA /* Debug */,
				F5BE153B1E713E2100F6FBEA /* Release */,
			);
			defaultConfigurationIsVisible = 0;
			defaultConfigurationName = Release;
		};
/* End XCConfigurationList section */
	};
	rootObject = F58A3E291E66AEE90086E0EF /* Project object */;
}
