PODS:
  - DZNEmptyDataSet (1.8)
  - NSManagedObjectContext-Hydrate (1.0.4)

DEPENDENCIES:
  - DZNEmptyDataSet (from `../../`)
  - NSManagedObjectContext-Hydrate (~> 1.0.4)

EXTERNAL SOURCES:
  DZNEmptyDataSet:
    :path: "../../"

SPEC CHECKSUMS:
  DZNEmptyDataSet: d2351b2e8daefa40433ef292e246e21f6be31a7b
  NSManagedObjectContext-Hydrate: a1bf99205a84366a3842074f74a534b16750e72f

COCOAPODS: 0.38.2
