PODS:
  - DZNEmptyDataSet (1.3)
  - NSManagedObjectContext-Hydrate (1.0.4)

DEPENDENCIES:
  - DZNEmptyDataSet (from `../../`)
  - NSManagedObjectContext-Hydrate (~> 1.0.4)

EXTERNAL SOURCES:
  DZNEmptyDataSet:
    :path: ../../

SPEC CHECKSUMS:
  DZNEmptyDataSet: c27af3478ce627b0cbf97d0d581c9752dd7a4b29
  NSManagedObjectContext-Hydrate: efb82fdc5958b1c2e0c8bedb4ce8cfa57d335a79

COCOAPODS: 0.33.1
