PODS:
  - iOSSnapshotTestCase (6.1.0):
    - iOSSnapshotTestCase/SwiftSupport (= 6.1.0)
  - iOSSnapshotTestCase/Core (6.1.0)
  - iOSSnapshotTestCase/SwiftSupport (6.1.0):
    - iOSSnapshotTestCase/Core

DEPENDENCIES:
  - iOSSnapshotTestCase

SPEC REPOS:
  https://github.com/cocoapods/specs.git:
    - iOSSnapshotTestCase

SPEC CHECKSUMS:
  iOSSnapshotTestCase: 30d540b0c8feb9d7f8ff97acc25a3804b48ee264

PODFILE CHECKSUM: 063970ceb23f43bd9e78f765077d7abe68271fd2

COCOAPODS: 1.7.5
