PODS:
  - iOSSnapshotTestCase (6.2.0):
    - iOSSnapshotTestCase/SwiftSupport (= 6.2.0)
  - iOSSnapshotTestCase/Core (6.2.0)
  - iOSSnapshotTestCase/SwiftSupport (6.2.0):
    - iOSSnapshotTestCase/Core

DEPENDENCIES:
  - iOSSnapshotTestCase

SPEC REPOS:
  trunk:
    - iOSSnapshotTestCase

SPEC CHECKSUMS:
  iOSSnapshotTestCase: 9ab44cb5aa62b84d31847f40680112e15ec579a6

PODFILE CHECKSUM: e0473814f267076f6b72e4045e276a3be55d403b

COCOAPODS: 1.8.4
