PODS:
  - DZNEmptyDataSet (1.8)
  - DZNWebViewController (2.0):
    - NJKWebViewProgress (~> 0.2)
  - NJKWebViewProgress (0.2.3):
    - NJKWebViewProgress/Core (= 0.2.3)
    - NJKWebViewProgress/ProgressView (= 0.2.3)
  - NJKWebViewProgress/Core (0.2.3)
  - NJKWebViewProgress/ProgressView (0.2.3)

DEPENDENCIES:
  - DZNEmptyDataSet (from `../../`)
  - DZNWebViewController (= 2.0)

EXTERNAL SOURCES:
  DZNEmptyDataSet:
    :path: "../../"

SPEC CHECKSUMS:
  DZNEmptyDataSet: d2351b2e8daefa40433ef292e246e21f6be31a7b
  DZNWebViewController: 54e8ee1c5bcc43e341ad77737631098d0d76db69
  NJKWebViewProgress: f481fd424cb5ecc27eacae11b5397db92fba9a4d

COCOAPODS: 0.38.2
